// !$*UTF8*$!
{
	archiveVersion = 1;
	classes = {
	};
	objectVersion = 51;
	objects = {

/* Begin PBXBuildFile section */
		38D8C6FA25BC622500C1F10D /* AppDelegate.swift in Sources */ = {isa = PBXBuildFile; fileRef = 38D8C6F925BC622500C1F10D /* AppDelegate.swift */; };
		38D8C6FC25BC622500C1F10D /* SceneDelegate.swift in Sources */ = {isa = PBXBuildFile; fileRef = 38D8C6FB25BC622500C1F10D /* SceneDelegate.swift */; };
		38D8C6FE25BC622500C1F10D /* HomeViewController.swift in Sources */ = {isa = PBXBuildFile; fileRef = 38D8C6FD25BC622500C1F10D /* HomeViewController.swift */; };
		38D8C70125BC622500C1F10D /* Tabbar.storyboard in Resources */ = {isa = PBXBuildFile; fileRef = 38D8C6FF25BC622500C1F10D /* Tabbar.storyboard */; };
		38D8C70325BC622700C1F10D /* Assets.xcassets in Resources */ = {isa = PBXBuildFile; fileRef = 38D8C70225BC622700C1F10D /* Assets.xcassets */; };
		38D8C70625BC622700C1F10D /* LaunchScreen.storyboard in Resources */ = {isa = PBXBuildFile; fileRef = 38D8C70425BC622700C1F10D /* LaunchScreen.storyboard */; };
		38D8C71125BC622700C1F10D /* cake_itTests.swift in Sources */ = {isa = PBXBuildFile; fileRef = 38D8C71025BC622700C1F10D /* cake_itTests.swift */; };
		38D8C71C25BC622700C1F10D /* cake_itUITests.swift in Sources */ = {isa = PBXBuildFile; fileRef = 38D8C71B25BC622700C1F10D /* cake_itUITests.swift */; };
		5F91075BAD00C39D152FAD82 /* Pods_cake_it.framework in Frameworks */ = {isa = PBXBuildFile; fileRef = FF5F29C259DB378D1D82855A /* Pods_cake_it.framework */; };
		8B0DDA51260CE120003923D9 /* UIView+AutoLayout.swift in Sources */ = {isa = PBXBuildFile; fileRef = 8B0DDA50260CE120003923D9 /* UIView+AutoLayout.swift */; };
		8B0DDA5F260CE4F4003923D9 /* UIView+RoundCorner.swift in Sources */ = {isa = PBXBuildFile; fileRef = 8B0DDA5E260CE4F4003923D9 /* UIView+RoundCorner.swift */; };
		8B3AF14625DAE16A00B9F48D /* Home.storyboard in Resources */ = {isa = PBXBuildFile; fileRef = 8B3AF14525DAE16A00B9F48D /* Home.storyboard */; };
		8B62C3142600FE10005F599A /* DesignListViewController.swift in Sources */ = {isa = PBXBuildFile; fileRef = 8B62C3132600FE10005F599A /* DesignListViewController.swift */; };
		8B62C32126010043005F599A /* UIViewController+instantiateFromStoryboard.swift in Sources */ = {isa = PBXBuildFile; fileRef = 8B62C32026010043005F599A /* UIViewController+instantiateFromStoryboard.swift */; };
		8B875CF625DAE61D003D9CFA /* Search.storyboard in Resources */ = {isa = PBXBuildFile; fileRef = 8B875CF525DAE61D003D9CFA /* Search.storyboard */; };
		8B875CFE25DAE630003D9CFA /* SearchMainViewController.swift in Sources */ = {isa = PBXBuildFile; fileRef = 8B875CFD25DAE630003D9CFA /* SearchMainViewController.swift */; };
		8B875D0A25DAE6B3003D9CFA /* Shops.storyboard in Resources */ = {isa = PBXBuildFile; fileRef = 8B875D0925DAE6B3003D9CFA /* Shops.storyboard */; };
		8B875D0F25DAE6C4003D9CFA /* ShopsMainViewController.swift in Sources */ = {isa = PBXBuildFile; fileRef = 8B875D0E25DAE6C4003D9CFA /* ShopsMainViewController.swift */; };
		8B875D1B25DAE747003D9CFA /* SavedItem.storyboard in Resources */ = {isa = PBXBuildFile; fileRef = 8B875D1A25DAE747003D9CFA /* SavedItem.storyboard */; };
		8B875D2625DAE7B3003D9CFA /* SavedItemMainViewController.swift in Sources */ = {isa = PBXBuildFile; fileRef = 8B875D2525DAE7B3003D9CFA /* SavedItemMainViewController.swift */; };
		8B875D2F25DAE836003D9CFA /* MyPage.storyboard in Resources */ = {isa = PBXBuildFile; fileRef = 8B875D2E25DAE836003D9CFA /* MyPage.storyboard */; };
		8B875D3425DAE843003D9CFA /* MyPageMainViewController.swift in Sources */ = {isa = PBXBuildFile; fileRef = 8B875D3325DAE843003D9CFA /* MyPageMainViewController.swift */; };
		8B93B2D92610C3160060ACAC /* Colors.swift in Sources */ = {isa = PBXBuildFile; fileRef = 8B93B2D82610C3160060ACAC /* Colors.swift */; };
		8B93B2E52610C9E90060ACAC /* SpoqaHanSansNeo-Bold.otf in Resources */ = {isa = PBXBuildFile; fileRef = 8B93B2E02610C9E80060ACAC /* SpoqaHanSansNeo-Bold.otf */; };
		8B93B2E62610C9E90060ACAC /* SpoqaHanSansNeo-Regular.otf in Resources */ = {isa = PBXBuildFile; fileRef = 8B93B2E12610C9E80060ACAC /* SpoqaHanSansNeo-Regular.otf */; };
		8B93B2E72610C9E90060ACAC /* SpoqaHanSansNeo-Thin.otf in Resources */ = {isa = PBXBuildFile; fileRef = 8B93B2E22610C9E80060ACAC /* SpoqaHanSansNeo-Thin.otf */; };
		8B93B2E82610C9E90060ACAC /* SpoqaHanSansNeo-Light.otf in Resources */ = {isa = PBXBuildFile; fileRef = 8B93B2E32610C9E90060ACAC /* SpoqaHanSansNeo-Light.otf */; };
		8B93B2E92610C9E90060ACAC /* SpoqaHanSansNeo-Medium.otf in Resources */ = {isa = PBXBuildFile; fileRef = 8B93B2E42610C9E90060ACAC /* SpoqaHanSansNeo-Medium.otf */; };
		8B93B2EE2610CF5D0060ACAC /* Fonts.swift in Sources */ = {isa = PBXBuildFile; fileRef = 8B93B2ED2610CF5D0060ACAC /* Fonts.swift */; };
		8BEA0F2D260CC05200743512 /* CakeDesign.swift in Sources */ = {isa = PBXBuildFile; fileRef = 8BEA0F2C260CC05200743512 /* CakeDesign.swift */; };
		8BEA0F35260CD2F800743512 /* DesignListViewController+UICollectionViewDataSource.swift in Sources */ = {isa = PBXBuildFile; fileRef = 8BEA0F34260CD2F800743512 /* DesignListViewController+UICollectionViewDataSource.swift */; };
		8BEA0F42260CD36000743512 /* CakeDesignCell.swift in Sources */ = {isa = PBXBuildFile; fileRef = 8BEA0F40260CD36000743512 /* CakeDesignCell.swift */; };
		8BEA0F43260CD36000743512 /* CakeDesignCell.xib in Resources */ = {isa = PBXBuildFile; fileRef = 8BEA0F41260CD36000743512 /* CakeDesignCell.xib */; };
		8BEA0F48260CD4EA00743512 /* DesignListViewController+UICollectionViewDelegate.swift in Sources */ = {isa = PBXBuildFile; fileRef = 8BEA0F47260CD4EA00743512 /* DesignListViewController+UICollectionViewDelegate.swift */; };
		8BEA0F4D260CD66600743512 /* String_MoneyFormat.swift in Sources */ = {isa = PBXBuildFile; fileRef = 8BEA0F4C260CD66600743512 /* String_MoneyFormat.swift */; };
		ACE7B36525E3EE6B0045E489 /* LoginViewController.swift in Sources */ = {isa = PBXBuildFile; fileRef = ACE7B36425E3EE6B0045E489 /* LoginViewController.swift */; };
		F5B40BA9BF3D2F417C02AA8E /* Pods_cake_it_cake_itUITests.framework in Frameworks */ = {isa = PBXBuildFile; fileRef = E316F0C33BA6B7DC1C01BE3F /* Pods_cake_it_cake_itUITests.framework */; };
		F774B92E25E0E0BF006EE0EC /* NicknameViewModel.swift in Sources */ = {isa = PBXBuildFile; fileRef = F774B91D25E0E0BF006EE0EC /* NicknameViewModel.swift */; };
		F774B92F25E0E0BF006EE0EC /* NicknameModel.swift in Sources */ = {isa = PBXBuildFile; fileRef = F774B91F25E0E0BF006EE0EC /* NicknameModel.swift */; };
		F774B93025E0E0BF006EE0EC /* NicknameViewController.swift in Sources */ = {isa = PBXBuildFile; fileRef = F774B92125E0E0BF006EE0EC /* NicknameViewController.swift */; };
		F774B93125E0E0BF006EE0EC /* Nickname.storyboard in Resources */ = {isa = PBXBuildFile; fileRef = F774B92225E0E0BF006EE0EC /* Nickname.storyboard */; };
		F774B93225E0E0BF006EE0EC /* LoginTestViewModel.swift in Sources */ = {isa = PBXBuildFile; fileRef = F774B92525E0E0BF006EE0EC /* LoginTestViewModel.swift */; };
		F774B93325E0E0BF006EE0EC /* LoginTestModel.swift in Sources */ = {isa = PBXBuildFile; fileRef = F774B92725E0E0BF006EE0EC /* LoginTestModel.swift */; };
		F774B93425E0E0BF006EE0EC /* LoginTestViewController.swift in Sources */ = {isa = PBXBuildFile; fileRef = F774B92925E0E0BF006EE0EC /* LoginTestViewController.swift */; };
		F774B93525E0E0BF006EE0EC /* LoginTest.storyboard in Resources */ = {isa = PBXBuildFile; fileRef = F774B92A25E0E0BF006EE0EC /* LoginTest.storyboard */; };
		F774B93625E0E0BF006EE0EC /* NetworkManager.swift in Sources */ = {isa = PBXBuildFile; fileRef = F774B92C25E0E0BF006EE0EC /* NetworkManager.swift */; };
		F774B93725E0E0BF006EE0EC /* NetworkCommon.swift in Sources */ = {isa = PBXBuildFile; fileRef = F774B92D25E0E0BF006EE0EC /* NetworkCommon.swift */; };
		F774B94925E0E0FE006EE0EC /* BaseViewController.swift in Sources */ = {isa = PBXBuildFile; fileRef = F774B94625E0E0FE006EE0EC /* BaseViewController.swift */; };
		F774B94A25E0E0FE006EE0EC /* BaseViewModel.swift in Sources */ = {isa = PBXBuildFile; fileRef = F774B94725E0E0FE006EE0EC /* BaseViewModel.swift */; };
		F774B94B25E0E0FE006EE0EC /* BaseModel.swift in Sources */ = {isa = PBXBuildFile; fileRef = F774B94825E0E0FE006EE0EC /* BaseModel.swift */; };
		F7A30F4B25F393E30023CDD5 /* PhotoUploadModel.swift in Sources */ = {isa = PBXBuildFile; fileRef = F7A30F4A25F393E30023CDD5 /* PhotoUploadModel.swift */; };
		F7A30F5325F394210023CDD5 /* PhotoUploadViewModel.swift in Sources */ = {isa = PBXBuildFile; fileRef = F7A30F5225F394210023CDD5 /* PhotoUploadViewModel.swift */; };
		F7A30F5B25F394310023CDD5 /* PhotoUpload.storyboard in Resources */ = {isa = PBXBuildFile; fileRef = F7A30F5A25F394310023CDD5 /* PhotoUpload.storyboard */; };
		F7A30F6025F3943D0023CDD5 /* PhotoUploadViewController.swift in Sources */ = {isa = PBXBuildFile; fileRef = F7A30F5F25F3943D0023CDD5 /* PhotoUploadViewController.swift */; };
		FAAB2F89308B59A58AD30653 /* Pods_cake_itTests.framework in Frameworks */ = {isa = PBXBuildFile; fileRef = 9017D2F3E20F476C4AC92D4E /* Pods_cake_itTests.framework */; };
/* End PBXBuildFile section */

/* Begin PBXContainerItemProxy section */
		38D8C70D25BC622700C1F10D /* PBXContainerItemProxy */ = {
			isa = PBXContainerItemProxy;
			containerPortal = 38D8C6EE25BC622500C1F10D /* Project object */;
			proxyType = 1;
			remoteGlobalIDString = 38D8C6F525BC622500C1F10D;
			remoteInfo = "cake-it";
		};
		38D8C71825BC622700C1F10D /* PBXContainerItemProxy */ = {
			isa = PBXContainerItemProxy;
			containerPortal = 38D8C6EE25BC622500C1F10D /* Project object */;
			proxyType = 1;
			remoteGlobalIDString = 38D8C6F525BC622500C1F10D;
			remoteInfo = "cake-it";
		};
/* End PBXContainerItemProxy section */

/* Begin PBXFileReference section */
		38D8C6F625BC622500C1F10D /* cake-it.app */ = {isa = PBXFileReference; explicitFileType = wrapper.application; includeInIndex = 0; path = "cake-it.app"; sourceTree = BUILT_PRODUCTS_DIR; };
		38D8C6F925BC622500C1F10D /* AppDelegate.swift */ = {isa = PBXFileReference; lastKnownFileType = sourcecode.swift; path = AppDelegate.swift; sourceTree = "<group>"; };
		38D8C6FB25BC622500C1F10D /* SceneDelegate.swift */ = {isa = PBXFileReference; lastKnownFileType = sourcecode.swift; path = SceneDelegate.swift; sourceTree = "<group>"; };
		38D8C6FD25BC622500C1F10D /* HomeViewController.swift */ = {isa = PBXFileReference; lastKnownFileType = sourcecode.swift; path = HomeViewController.swift; sourceTree = "<group>"; };
		38D8C70025BC622500C1F10D /* Base */ = {isa = PBXFileReference; lastKnownFileType = file.storyboard; name = Base; path = Base.lproj/Tabbar.storyboard; sourceTree = "<group>"; };
		38D8C70225BC622700C1F10D /* Assets.xcassets */ = {isa = PBXFileReference; lastKnownFileType = folder.assetcatalog; path = Assets.xcassets; sourceTree = "<group>"; };
		38D8C70525BC622700C1F10D /* Base */ = {isa = PBXFileReference; lastKnownFileType = file.storyboard; name = Base; path = Base.lproj/LaunchScreen.storyboard; sourceTree = "<group>"; };
		38D8C70725BC622700C1F10D /* Info.plist */ = {isa = PBXFileReference; lastKnownFileType = text.plist.xml; path = Info.plist; sourceTree = "<group>"; };
		38D8C70C25BC622700C1F10D /* cake-itTests.xctest */ = {isa = PBXFileReference; explicitFileType = wrapper.cfbundle; includeInIndex = 0; path = "cake-itTests.xctest"; sourceTree = BUILT_PRODUCTS_DIR; };
		38D8C71025BC622700C1F10D /* cake_itTests.swift */ = {isa = PBXFileReference; lastKnownFileType = sourcecode.swift; path = cake_itTests.swift; sourceTree = "<group>"; };
		38D8C71225BC622700C1F10D /* Info.plist */ = {isa = PBXFileReference; lastKnownFileType = text.plist.xml; path = Info.plist; sourceTree = "<group>"; };
		38D8C71725BC622700C1F10D /* cake-itUITests.xctest */ = {isa = PBXFileReference; explicitFileType = wrapper.cfbundle; includeInIndex = 0; path = "cake-itUITests.xctest"; sourceTree = BUILT_PRODUCTS_DIR; };
		38D8C71B25BC622700C1F10D /* cake_itUITests.swift */ = {isa = PBXFileReference; lastKnownFileType = sourcecode.swift; path = cake_itUITests.swift; sourceTree = "<group>"; };
		38D8C71D25BC622700C1F10D /* Info.plist */ = {isa = PBXFileReference; lastKnownFileType = text.plist.xml; path = Info.plist; sourceTree = "<group>"; };
		45B2B377B3AB9CD829F6B911 /* Pods-cake-itTests.release.xcconfig */ = {isa = PBXFileReference; includeInIndex = 1; lastKnownFileType = text.xcconfig; name = "Pods-cake-itTests.release.xcconfig"; path = "Target Support Files/Pods-cake-itTests/Pods-cake-itTests.release.xcconfig"; sourceTree = "<group>"; };
		8B0DDA50260CE120003923D9 /* UIView+AutoLayout.swift */ = {isa = PBXFileReference; lastKnownFileType = sourcecode.swift; path = "UIView+AutoLayout.swift"; sourceTree = "<group>"; };
		8B0DDA5E260CE4F4003923D9 /* UIView+RoundCorner.swift */ = {isa = PBXFileReference; lastKnownFileType = sourcecode.swift; path = "UIView+RoundCorner.swift"; sourceTree = "<group>"; };
		8B3AF14525DAE16A00B9F48D /* Home.storyboard */ = {isa = PBXFileReference; lastKnownFileType = file.storyboard; path = Home.storyboard; sourceTree = "<group>"; };
		8B62C3132600FE10005F599A /* DesignListViewController.swift */ = {isa = PBXFileReference; lastKnownFileType = sourcecode.swift; path = DesignListViewController.swift; sourceTree = "<group>"; };
		8B62C32026010043005F599A /* UIViewController+instantiateFromStoryboard.swift */ = {isa = PBXFileReference; lastKnownFileType = sourcecode.swift; path = "UIViewController+instantiateFromStoryboard.swift"; sourceTree = "<group>"; };
		8B875CF525DAE61D003D9CFA /* Search.storyboard */ = {isa = PBXFileReference; lastKnownFileType = file.storyboard; path = Search.storyboard; sourceTree = "<group>"; };
		8B875CFD25DAE630003D9CFA /* SearchMainViewController.swift */ = {isa = PBXFileReference; lastKnownFileType = sourcecode.swift; path = SearchMainViewController.swift; sourceTree = "<group>"; };
		8B875D0925DAE6B3003D9CFA /* Shops.storyboard */ = {isa = PBXFileReference; lastKnownFileType = file.storyboard; path = Shops.storyboard; sourceTree = "<group>"; };
		8B875D0E25DAE6C4003D9CFA /* ShopsMainViewController.swift */ = {isa = PBXFileReference; lastKnownFileType = sourcecode.swift; path = ShopsMainViewController.swift; sourceTree = "<group>"; };
		8B875D1A25DAE747003D9CFA /* SavedItem.storyboard */ = {isa = PBXFileReference; lastKnownFileType = file.storyboard; path = SavedItem.storyboard; sourceTree = "<group>"; };
		8B875D2525DAE7B3003D9CFA /* SavedItemMainViewController.swift */ = {isa = PBXFileReference; lastKnownFileType = sourcecode.swift; path = SavedItemMainViewController.swift; sourceTree = "<group>"; };
		8B875D2E25DAE836003D9CFA /* MyPage.storyboard */ = {isa = PBXFileReference; lastKnownFileType = file.storyboard; path = MyPage.storyboard; sourceTree = "<group>"; };
		8B875D3325DAE843003D9CFA /* MyPageMainViewController.swift */ = {isa = PBXFileReference; lastKnownFileType = sourcecode.swift; path = MyPageMainViewController.swift; sourceTree = "<group>"; };
		8B93B2D82610C3160060ACAC /* Colors.swift */ = {isa = PBXFileReference; lastKnownFileType = sourcecode.swift; path = Colors.swift; sourceTree = "<group>"; };
		8B93B2E02610C9E80060ACAC /* SpoqaHanSansNeo-Bold.otf */ = {isa = PBXFileReference; lastKnownFileType = file; path = "SpoqaHanSansNeo-Bold.otf"; sourceTree = "<group>"; };
		8B93B2E12610C9E80060ACAC /* SpoqaHanSansNeo-Regular.otf */ = {isa = PBXFileReference; lastKnownFileType = file; path = "SpoqaHanSansNeo-Regular.otf"; sourceTree = "<group>"; };
		8B93B2E22610C9E80060ACAC /* SpoqaHanSansNeo-Thin.otf */ = {isa = PBXFileReference; lastKnownFileType = file; path = "SpoqaHanSansNeo-Thin.otf"; sourceTree = "<group>"; };
		8B93B2E32610C9E90060ACAC /* SpoqaHanSansNeo-Light.otf */ = {isa = PBXFileReference; lastKnownFileType = file; path = "SpoqaHanSansNeo-Light.otf"; sourceTree = "<group>"; };
		8B93B2E42610C9E90060ACAC /* SpoqaHanSansNeo-Medium.otf */ = {isa = PBXFileReference; lastKnownFileType = file; path = "SpoqaHanSansNeo-Medium.otf"; sourceTree = "<group>"; };
		8B93B2ED2610CF5D0060ACAC /* Fonts.swift */ = {isa = PBXFileReference; lastKnownFileType = sourcecode.swift; path = Fonts.swift; sourceTree = "<group>"; };
		8BEA0F2C260CC05200743512 /* CakeDesign.swift */ = {isa = PBXFileReference; lastKnownFileType = sourcecode.swift; path = CakeDesign.swift; sourceTree = "<group>"; };
		8BEA0F34260CD2F800743512 /* DesignListViewController+UICollectionViewDataSource.swift */ = {isa = PBXFileReference; lastKnownFileType = sourcecode.swift; path = "DesignListViewController+UICollectionViewDataSource.swift"; sourceTree = "<group>"; };
		8BEA0F40260CD36000743512 /* CakeDesignCell.swift */ = {isa = PBXFileReference; lastKnownFileType = sourcecode.swift; path = CakeDesignCell.swift; sourceTree = "<group>"; };
		8BEA0F41260CD36000743512 /* CakeDesignCell.xib */ = {isa = PBXFileReference; lastKnownFileType = file.xib; path = CakeDesignCell.xib; sourceTree = "<group>"; };
		8BEA0F47260CD4EA00743512 /* DesignListViewController+UICollectionViewDelegate.swift */ = {isa = PBXFileReference; lastKnownFileType = sourcecode.swift; path = "DesignListViewController+UICollectionViewDelegate.swift"; sourceTree = "<group>"; };
		8BEA0F4C260CD66600743512 /* String_MoneyFormat.swift */ = {isa = PBXFileReference; lastKnownFileType = sourcecode.swift; path = String_MoneyFormat.swift; sourceTree = "<group>"; };
		9017D2F3E20F476C4AC92D4E /* Pods_cake_itTests.framework */ = {isa = PBXFileReference; explicitFileType = wrapper.framework; includeInIndex = 0; path = Pods_cake_itTests.framework; sourceTree = BUILT_PRODUCTS_DIR; };
		A3B6B7267103FC2A193A7BCA /* Pods-cake-it-cake-itUITests.release.xcconfig */ = {isa = PBXFileReference; includeInIndex = 1; lastKnownFileType = text.xcconfig; name = "Pods-cake-it-cake-itUITests.release.xcconfig"; path = "Target Support Files/Pods-cake-it-cake-itUITests/Pods-cake-it-cake-itUITests.release.xcconfig"; sourceTree = "<group>"; };
		ACE7B36425E3EE6B0045E489 /* LoginViewController.swift */ = {isa = PBXFileReference; lastKnownFileType = sourcecode.swift; path = LoginViewController.swift; sourceTree = "<group>"; };
		AEDF9B83790700EB68FD0211 /* Pods-cake-it.debug.xcconfig */ = {isa = PBXFileReference; includeInIndex = 1; lastKnownFileType = text.xcconfig; name = "Pods-cake-it.debug.xcconfig"; path = "Target Support Files/Pods-cake-it/Pods-cake-it.debug.xcconfig"; sourceTree = "<group>"; };
		C9D389A843537311BA9F1FA4 /* Pods-cake-itTests.debug.xcconfig */ = {isa = PBXFileReference; includeInIndex = 1; lastKnownFileType = text.xcconfig; name = "Pods-cake-itTests.debug.xcconfig"; path = "Target Support Files/Pods-cake-itTests/Pods-cake-itTests.debug.xcconfig"; sourceTree = "<group>"; };
		D792EB0BE229648F5A5C7460 /* Pods-cake-it.release.xcconfig */ = {isa = PBXFileReference; includeInIndex = 1; lastKnownFileType = text.xcconfig; name = "Pods-cake-it.release.xcconfig"; path = "Target Support Files/Pods-cake-it/Pods-cake-it.release.xcconfig"; sourceTree = "<group>"; };
		E316F0C33BA6B7DC1C01BE3F /* Pods_cake_it_cake_itUITests.framework */ = {isa = PBXFileReference; explicitFileType = wrapper.framework; includeInIndex = 0; path = Pods_cake_it_cake_itUITests.framework; sourceTree = BUILT_PRODUCTS_DIR; };
		E670015E1C84D024CD034B18 /* Pods-cake-it-cake-itUITests.debug.xcconfig */ = {isa = PBXFileReference; includeInIndex = 1; lastKnownFileType = text.xcconfig; name = "Pods-cake-it-cake-itUITests.debug.xcconfig"; path = "Target Support Files/Pods-cake-it-cake-itUITests/Pods-cake-it-cake-itUITests.debug.xcconfig"; sourceTree = "<group>"; };
		F774B91D25E0E0BF006EE0EC /* NicknameViewModel.swift */ = {isa = PBXFileReference; fileEncoding = 4; lastKnownFileType = sourcecode.swift; path = NicknameViewModel.swift; sourceTree = "<group>"; };
		F774B91F25E0E0BF006EE0EC /* NicknameModel.swift */ = {isa = PBXFileReference; fileEncoding = 4; lastKnownFileType = sourcecode.swift; path = NicknameModel.swift; sourceTree = "<group>"; };
		F774B92125E0E0BF006EE0EC /* NicknameViewController.swift */ = {isa = PBXFileReference; fileEncoding = 4; lastKnownFileType = sourcecode.swift; path = NicknameViewController.swift; sourceTree = "<group>"; };
		F774B92225E0E0BF006EE0EC /* Nickname.storyboard */ = {isa = PBXFileReference; fileEncoding = 4; lastKnownFileType = file.storyboard; path = Nickname.storyboard; sourceTree = "<group>"; };
		F774B92525E0E0BF006EE0EC /* LoginTestViewModel.swift */ = {isa = PBXFileReference; fileEncoding = 4; lastKnownFileType = sourcecode.swift; path = LoginTestViewModel.swift; sourceTree = "<group>"; };
		F774B92725E0E0BF006EE0EC /* LoginTestModel.swift */ = {isa = PBXFileReference; fileEncoding = 4; lastKnownFileType = sourcecode.swift; path = LoginTestModel.swift; sourceTree = "<group>"; };
		F774B92925E0E0BF006EE0EC /* LoginTestViewController.swift */ = {isa = PBXFileReference; fileEncoding = 4; lastKnownFileType = sourcecode.swift; path = LoginTestViewController.swift; sourceTree = "<group>"; };
		F774B92A25E0E0BF006EE0EC /* LoginTest.storyboard */ = {isa = PBXFileReference; fileEncoding = 4; lastKnownFileType = file.storyboard; path = LoginTest.storyboard; sourceTree = "<group>"; };
		F774B92C25E0E0BF006EE0EC /* NetworkManager.swift */ = {isa = PBXFileReference; fileEncoding = 4; lastKnownFileType = sourcecode.swift; path = NetworkManager.swift; sourceTree = "<group>"; };
		F774B92D25E0E0BF006EE0EC /* NetworkCommon.swift */ = {isa = PBXFileReference; fileEncoding = 4; lastKnownFileType = sourcecode.swift; path = NetworkCommon.swift; sourceTree = "<group>"; };
		F774B94625E0E0FE006EE0EC /* BaseViewController.swift */ = {isa = PBXFileReference; fileEncoding = 4; lastKnownFileType = sourcecode.swift; path = BaseViewController.swift; sourceTree = "<group>"; };
		F774B94725E0E0FE006EE0EC /* BaseViewModel.swift */ = {isa = PBXFileReference; fileEncoding = 4; lastKnownFileType = sourcecode.swift; path = BaseViewModel.swift; sourceTree = "<group>"; };
		F774B94825E0E0FE006EE0EC /* BaseModel.swift */ = {isa = PBXFileReference; fileEncoding = 4; lastKnownFileType = sourcecode.swift; path = BaseModel.swift; sourceTree = "<group>"; };
		F7A30F4A25F393E30023CDD5 /* PhotoUploadModel.swift */ = {isa = PBXFileReference; lastKnownFileType = sourcecode.swift; path = PhotoUploadModel.swift; sourceTree = "<group>"; };
		F7A30F5225F394210023CDD5 /* PhotoUploadViewModel.swift */ = {isa = PBXFileReference; lastKnownFileType = sourcecode.swift; path = PhotoUploadViewModel.swift; sourceTree = "<group>"; };
		F7A30F5A25F394310023CDD5 /* PhotoUpload.storyboard */ = {isa = PBXFileReference; lastKnownFileType = file.storyboard; path = PhotoUpload.storyboard; sourceTree = "<group>"; };
		F7A30F5F25F3943D0023CDD5 /* PhotoUploadViewController.swift */ = {isa = PBXFileReference; lastKnownFileType = sourcecode.swift; path = PhotoUploadViewController.swift; sourceTree = "<group>"; };
		FF5F29C259DB378D1D82855A /* Pods_cake_it.framework */ = {isa = PBXFileReference; explicitFileType = wrapper.framework; includeInIndex = 0; path = Pods_cake_it.framework; sourceTree = BUILT_PRODUCTS_DIR; };
/* End PBXFileReference section */

/* Begin PBXFrameworksBuildPhase section */
		38D8C6F325BC622500C1F10D /* Frameworks */ = {
			isa = PBXFrameworksBuildPhase;
			buildActionMask = 2147483647;
			files = (
				5F91075BAD00C39D152FAD82 /* Pods_cake_it.framework in Frameworks */,
			);
			runOnlyForDeploymentPostprocessing = 0;
		};
		38D8C70925BC622700C1F10D /* Frameworks */ = {
			isa = PBXFrameworksBuildPhase;
			buildActionMask = 2147483647;
			files = (
				FAAB2F89308B59A58AD30653 /* Pods_cake_itTests.framework in Frameworks */,
			);
			runOnlyForDeploymentPostprocessing = 0;
		};
		38D8C71425BC622700C1F10D /* Frameworks */ = {
			isa = PBXFrameworksBuildPhase;
			buildActionMask = 2147483647;
			files = (
				F5B40BA9BF3D2F417C02AA8E /* Pods_cake_it_cake_itUITests.framework in Frameworks */,
			);
			runOnlyForDeploymentPostprocessing = 0;
		};
/* End PBXFrameworksBuildPhase section */

/* Begin PBXGroup section */
		38D8C6ED25BC622500C1F10D = {
			isa = PBXGroup;
			children = (
				38D8C6F825BC622500C1F10D /* cake-it */,
				38D8C70F25BC622700C1F10D /* cake-itTests */,
				38D8C71A25BC622700C1F10D /* cake-itUITests */,
				38D8C6F725BC622500C1F10D /* Products */,
				7B22ACBD250EDDB54E8B2D09 /* Pods */,
				7F7F4D3025A68B04066E66C8 /* Frameworks */,
			);
			sourceTree = "<group>";
		};
		38D8C6F725BC622500C1F10D /* Products */ = {
			isa = PBXGroup;
			children = (
				38D8C6F625BC622500C1F10D /* cake-it.app */,
				38D8C70C25BC622700C1F10D /* cake-itTests.xctest */,
				38D8C71725BC622700C1F10D /* cake-itUITests.xctest */,
			);
			name = Products;
			sourceTree = "<group>";
		};
		38D8C6F825BC622500C1F10D /* cake-it */ = {
			isa = PBXGroup;
			children = (
				F774B91A25E0E0BF006EE0EC /* Test */,
				8B3AF14425DADFD700B9F48D /* Base */,
				F774B92B25E0E0BF006EE0EC /* Network */,
				38D8C73A25BC631900C1F10D /* Home */,
				8B875CF425DAE602003D9CFA /* Search */,
				8B875D0525DAE684003D9CFA /* Shops */,
				8B875D1625DAE721003D9CFA /* Saved */,
				8B875D2D25DAE7CD003D9CFA /* MyPage */,
				8B62C3282601005D005F599A /* Extensions */,
				8B93B2D72610C10C0060ACAC /* Common */,
				8BEA0F26260CBE4E00743512 /* SupportFiles */,
				38D8C70225BC622700C1F10D /* Assets.xcassets */,
				38D8C70725BC622700C1F10D /* Info.plist */,
			);
			path = "cake-it";
			sourceTree = "<group>";
		};
		38D8C70F25BC622700C1F10D /* cake-itTests */ = {
			isa = PBXGroup;
			children = (
				38D8C71025BC622700C1F10D /* cake_itTests.swift */,
				38D8C71225BC622700C1F10D /* Info.plist */,
			);
			path = "cake-itTests";
			sourceTree = "<group>";
		};
		38D8C71A25BC622700C1F10D /* cake-itUITests */ = {
			isa = PBXGroup;
			children = (
				38D8C71B25BC622700C1F10D /* cake_itUITests.swift */,
				38D8C71D25BC622700C1F10D /* Info.plist */,
			);
			path = "cake-itUITests";
			sourceTree = "<group>";
		};
		38D8C73A25BC631900C1F10D /* Home */ = {
			isa = PBXGroup;
			children = (
				8B62C3112600F670005F599A /* DesignList */,
				8B3AF14525DAE16A00B9F48D /* Home.storyboard */,
				38D8C6FD25BC622500C1F10D /* HomeViewController.swift */,
				ACE7B36425E3EE6B0045E489 /* LoginViewController.swift */,
			);
			path = Home;
			sourceTree = "<group>";
		};
		7B22ACBD250EDDB54E8B2D09 /* Pods */ = {
			isa = PBXGroup;
			children = (
				AEDF9B83790700EB68FD0211 /* Pods-cake-it.debug.xcconfig */,
				D792EB0BE229648F5A5C7460 /* Pods-cake-it.release.xcconfig */,
				E670015E1C84D024CD034B18 /* Pods-cake-it-cake-itUITests.debug.xcconfig */,
				A3B6B7267103FC2A193A7BCA /* Pods-cake-it-cake-itUITests.release.xcconfig */,
				C9D389A843537311BA9F1FA4 /* Pods-cake-itTests.debug.xcconfig */,
				45B2B377B3AB9CD829F6B911 /* Pods-cake-itTests.release.xcconfig */,
			);
			path = Pods;
			sourceTree = "<group>";
		};
		7F7F4D3025A68B04066E66C8 /* Frameworks */ = {
			isa = PBXGroup;
			children = (
				FF5F29C259DB378D1D82855A /* Pods_cake_it.framework */,
				E316F0C33BA6B7DC1C01BE3F /* Pods_cake_it_cake_itUITests.framework */,
				9017D2F3E20F476C4AC92D4E /* Pods_cake_itTests.framework */,
			);
			name = Frameworks;
			sourceTree = "<group>";
		};
		8B0DDA4F260CE10B003923D9 /* UIView */ = {
			isa = PBXGroup;
			children = (
				8B0DDA50260CE120003923D9 /* UIView+AutoLayout.swift */,
				8B0DDA5E260CE4F4003923D9 /* UIView+RoundCorner.swift */,
			);
			path = UIView;
			sourceTree = "<group>";
		};
		8B3AF14425DADFD700B9F48D /* Base */ = {
			isa = PBXGroup;
			children = (
				F774B94525E0E0FE006EE0EC /* BaseModels */,
				38D8C70425BC622700C1F10D /* LaunchScreen.storyboard */,
				38D8C6FF25BC622500C1F10D /* Tabbar.storyboard */,
				38D8C6F925BC622500C1F10D /* AppDelegate.swift */,
				38D8C6FB25BC622500C1F10D /* SceneDelegate.swift */,
			);
			path = Base;
			sourceTree = "<group>";
		};
		8B62C3112600F670005F599A /* DesignList */ = {
			isa = PBXGroup;
			children = (
				8B62C3122600F67D005F599A /* Controllers */,
				8BEA0F2B260CC04700743512 /* Models */,
				8BEA0F3F260CD34400743512 /* Views */,
			);
			path = DesignList;
			sourceTree = "<group>";
		};
		8B62C3122600F67D005F599A /* Controllers */ = {
			isa = PBXGroup;
			children = (
				8B62C3132600FE10005F599A /* DesignListViewController.swift */,
				8BEA0F34260CD2F800743512 /* DesignListViewController+UICollectionViewDataSource.swift */,
				8BEA0F47260CD4EA00743512 /* DesignListViewController+UICollectionViewDelegate.swift */,
			);
			path = Controllers;
			sourceTree = "<group>";
		};
		8B62C31F26010033005F599A /* UIViewController */ = {
			isa = PBXGroup;
			children = (
				8B62C32026010043005F599A /* UIViewController+instantiateFromStoryboard.swift */,
			);
			path = UIViewController;
			sourceTree = "<group>";
		};
		8B62C3282601005D005F599A /* Extensions */ = {
			isa = PBXGroup;
			children = (
				8B0DDA4F260CE10B003923D9 /* UIView */,
				8B62C31F26010033005F599A /* UIViewController */,
				8BEA0F4C260CD66600743512 /* String_MoneyFormat.swift */,
			);
			path = Extensions;
			sourceTree = "<group>";
		};
		8B875CF425DAE602003D9CFA /* Search */ = {
			isa = PBXGroup;
			children = (
				8B875CF525DAE61D003D9CFA /* Search.storyboard */,
				8B875CFD25DAE630003D9CFA /* SearchMainViewController.swift */,
			);
			path = Search;
			sourceTree = "<group>";
		};
		8B875D0525DAE684003D9CFA /* Shops */ = {
			isa = PBXGroup;
			children = (
				8B875D0925DAE6B3003D9CFA /* Shops.storyboard */,
				8B875D0E25DAE6C4003D9CFA /* ShopsMainViewController.swift */,
			);
			path = Shops;
			sourceTree = "<group>";
		};
		8B875D1625DAE721003D9CFA /* Saved */ = {
			isa = PBXGroup;
			children = (
				8B875D1A25DAE747003D9CFA /* SavedItem.storyboard */,
				8B875D2525DAE7B3003D9CFA /* SavedItemMainViewController.swift */,
			);
			path = Saved;
			sourceTree = "<group>";
		};
		8B875D2D25DAE7CD003D9CFA /* MyPage */ = {
			isa = PBXGroup;
			children = (
				8B875D2E25DAE836003D9CFA /* MyPage.storyboard */,
				8B875D3325DAE843003D9CFA /* MyPageMainViewController.swift */,
			);
			path = MyPage;
			sourceTree = "<group>";
		};
		8B93B2D72610C10C0060ACAC /* Common */ = {
			isa = PBXGroup;
			children = (
				8B93B2D82610C3160060ACAC /* Colors.swift */,
				8B93B2ED2610CF5D0060ACAC /* Fonts.swift */,
			);
			path = Common;
			sourceTree = "<group>";
		};
		8BEA0F26260CBE4E00743512 /* SupportFiles */ = {
			isa = PBXGroup;
			children = (
				8BEA0F27260CBE5A00743512 /* Fonts */,
			);
			path = SupportFiles;
			sourceTree = "<group>";
		};
		8BEA0F27260CBE5A00743512 /* Fonts */ = {
			isa = PBXGroup;
			children = (
				8B93B2E02610C9E80060ACAC /* SpoqaHanSansNeo-Bold.otf */,
				8B93B2E32610C9E90060ACAC /* SpoqaHanSansNeo-Light.otf */,
				8B93B2E42610C9E90060ACAC /* SpoqaHanSansNeo-Medium.otf */,
				8B93B2E12610C9E80060ACAC /* SpoqaHanSansNeo-Regular.otf */,
				8B93B2E22610C9E80060ACAC /* SpoqaHanSansNeo-Thin.otf */,
			);
			path = Fonts;
			sourceTree = "<group>";
		};
		8BEA0F2B260CC04700743512 /* Models */ = {
			isa = PBXGroup;
			children = (
				8BEA0F2C260CC05200743512 /* CakeDesign.swift */,
			);
			path = Models;
			sourceTree = "<group>";
		};
		8BEA0F3F260CD34400743512 /* Views */ = {
			isa = PBXGroup;
			children = (
				8BEA0F40260CD36000743512 /* CakeDesignCell.swift */,
				8BEA0F41260CD36000743512 /* CakeDesignCell.xib */,
			);
			path = Views;
			sourceTree = "<group>";
		};
		F774B91A25E0E0BF006EE0EC /* Test */ = {
			isa = PBXGroup;
			children = (
				F7A30F4925F3934C0023CDD5 /* PhotoUpload_Test */,
				F774B91B25E0E0BF006EE0EC /* Nickname_Test */,
				F774B92325E0E0BF006EE0EC /* Login_Test */,
			);
			path = Test;
			sourceTree = "<group>";
		};
		F774B91B25E0E0BF006EE0EC /* Nickname_Test */ = {
			isa = PBXGroup;
			children = (
				F774B92025E0E0BF006EE0EC /* View */,
				F774B91C25E0E0BF006EE0EC /* ViewModel */,
				F774B91E25E0E0BF006EE0EC /* Model */,
			);
			path = Nickname_Test;
			sourceTree = "<group>";
		};
		F774B91C25E0E0BF006EE0EC /* ViewModel */ = {
			isa = PBXGroup;
			children = (
				F774B91D25E0E0BF006EE0EC /* NicknameViewModel.swift */,
			);
			path = ViewModel;
			sourceTree = "<group>";
		};
		F774B91E25E0E0BF006EE0EC /* Model */ = {
			isa = PBXGroup;
			children = (
				F774B91F25E0E0BF006EE0EC /* NicknameModel.swift */,
			);
			path = Model;
			sourceTree = "<group>";
		};
		F774B92025E0E0BF006EE0EC /* View */ = {
			isa = PBXGroup;
			children = (
				F774B92125E0E0BF006EE0EC /* NicknameViewController.swift */,
				F774B92225E0E0BF006EE0EC /* Nickname.storyboard */,
			);
			path = View;
			sourceTree = "<group>";
		};
		F774B92325E0E0BF006EE0EC /* Login_Test */ = {
			isa = PBXGroup;
			children = (
				F774B92425E0E0BF006EE0EC /* ViewModel */,
				F774B92625E0E0BF006EE0EC /* Model */,
				F774B92825E0E0BF006EE0EC /* View */,
			);
			path = Login_Test;
			sourceTree = "<group>";
		};
		F774B92425E0E0BF006EE0EC /* ViewModel */ = {
			isa = PBXGroup;
			children = (
				F774B92525E0E0BF006EE0EC /* LoginTestViewModel.swift */,
			);
			path = ViewModel;
			sourceTree = "<group>";
		};
		F774B92625E0E0BF006EE0EC /* Model */ = {
			isa = PBXGroup;
			children = (
				F774B92725E0E0BF006EE0EC /* LoginTestModel.swift */,
			);
			path = Model;
			sourceTree = "<group>";
		};
		F774B92825E0E0BF006EE0EC /* View */ = {
			isa = PBXGroup;
			children = (
				F774B92925E0E0BF006EE0EC /* LoginTestViewController.swift */,
				F774B92A25E0E0BF006EE0EC /* LoginTest.storyboard */,
			);
			path = View;
			sourceTree = "<group>";
		};
		F774B92B25E0E0BF006EE0EC /* Network */ = {
			isa = PBXGroup;
			children = (
				F774B92C25E0E0BF006EE0EC /* NetworkManager.swift */,
				F774B92D25E0E0BF006EE0EC /* NetworkCommon.swift */,
			);
			path = Network;
			sourceTree = "<group>";
		};
		F774B94525E0E0FE006EE0EC /* BaseModels */ = {
			isa = PBXGroup;
			children = (
				F774B94625E0E0FE006EE0EC /* BaseViewController.swift */,
				F774B94725E0E0FE006EE0EC /* BaseViewModel.swift */,
				F774B94825E0E0FE006EE0EC /* BaseModel.swift */,
			);
			path = BaseModels;
			sourceTree = "<group>";
		};
		F7A30F4625F393170023CDD5 /* Model */ = {
			isa = PBXGroup;
			children = (
				F7A30F4A25F393E30023CDD5 /* PhotoUploadModel.swift */,
			);
			path = Model;
			sourceTree = "<group>";
		};
		F7A30F4725F393190023CDD5 /* ViewModel */ = {
			isa = PBXGroup;
			children = (
				F7A30F5225F394210023CDD5 /* PhotoUploadViewModel.swift */,
			);
			path = ViewModel;
			sourceTree = "<group>";
		};
		F7A30F4825F3931B0023CDD5 /* View */ = {
			isa = PBXGroup;
			children = (
				F7A30F5A25F394310023CDD5 /* PhotoUpload.storyboard */,
				F7A30F5F25F3943D0023CDD5 /* PhotoUploadViewController.swift */,
			);
			path = View;
			sourceTree = "<group>";
		};
		F7A30F4925F3934C0023CDD5 /* PhotoUpload_Test */ = {
			isa = PBXGroup;
			children = (
				F7A30F4625F393170023CDD5 /* Model */,
				F7A30F4725F393190023CDD5 /* ViewModel */,
				F7A30F4825F3931B0023CDD5 /* View */,
			);
			path = PhotoUpload_Test;
			sourceTree = "<group>";
		};
/* End PBXGroup section */

/* Begin PBXNativeTarget section */
		38D8C6F525BC622500C1F10D /* cake-it */ = {
			isa = PBXNativeTarget;
			buildConfigurationList = 38D8C72025BC622700C1F10D /* Build configuration list for PBXNativeTarget "cake-it" */;
			buildPhases = (
				489B5E5D4C198B95BAC07448 /* [CP] Check Pods Manifest.lock */,
				38D8C6F225BC622500C1F10D /* Sources */,
				38D8C6F325BC622500C1F10D /* Frameworks */,
				38D8C6F425BC622500C1F10D /* Resources */,
				8DD46BF6148E86C7A5159682 /* [CP] Embed Pods Frameworks */,
			);
			buildRules = (
			);
			dependencies = (
			);
			name = "cake-it";
			productName = "cake-it";
			productReference = 38D8C6F625BC622500C1F10D /* cake-it.app */;
			productType = "com.apple.product-type.application";
		};
		38D8C70B25BC622700C1F10D /* cake-itTests */ = {
			isa = PBXNativeTarget;
			buildConfigurationList = 38D8C72325BC622700C1F10D /* Build configuration list for PBXNativeTarget "cake-itTests" */;
			buildPhases = (
				218EBFB0B29160DD3D544FEB /* [CP] Check Pods Manifest.lock */,
				38D8C70825BC622700C1F10D /* Sources */,
				38D8C70925BC622700C1F10D /* Frameworks */,
				38D8C70A25BC622700C1F10D /* Resources */,
			);
			buildRules = (
			);
			dependencies = (
				38D8C70E25BC622700C1F10D /* PBXTargetDependency */,
			);
			name = "cake-itTests";
			productName = "cake-itTests";
			productReference = 38D8C70C25BC622700C1F10D /* cake-itTests.xctest */;
			productType = "com.apple.product-type.bundle.unit-test";
		};
		38D8C71625BC622700C1F10D /* cake-itUITests */ = {
			isa = PBXNativeTarget;
			buildConfigurationList = 38D8C72625BC622700C1F10D /* Build configuration list for PBXNativeTarget "cake-itUITests" */;
			buildPhases = (
				40CC4F1C21C3C8C0AEE5291D /* [CP] Check Pods Manifest.lock */,
				38D8C71325BC622700C1F10D /* Sources */,
				38D8C71425BC622700C1F10D /* Frameworks */,
				38D8C71525BC622700C1F10D /* Resources */,
				B5473535F85EBE9DEF8D07AC /* [CP] Embed Pods Frameworks */,
			);
			buildRules = (
			);
			dependencies = (
				38D8C71925BC622700C1F10D /* PBXTargetDependency */,
			);
			name = "cake-itUITests";
			productName = "cake-itUITests";
			productReference = 38D8C71725BC622700C1F10D /* cake-itUITests.xctest */;
			productType = "com.apple.product-type.bundle.ui-testing";
		};
/* End PBXNativeTarget section */

/* Begin PBXProject section */
		38D8C6EE25BC622500C1F10D /* Project object */ = {
			isa = PBXProject;
			attributes = {
				LastSwiftUpdateCheck = 1230;
				LastUpgradeCheck = 1230;
				TargetAttributes = {
					38D8C6F525BC622500C1F10D = {
						CreatedOnToolsVersion = 12.3;
					};
					38D8C70B25BC622700C1F10D = {
						CreatedOnToolsVersion = 12.3;
						TestTargetID = 38D8C6F525BC622500C1F10D;
					};
					38D8C71625BC622700C1F10D = {
						CreatedOnToolsVersion = 12.3;
						TestTargetID = 38D8C6F525BC622500C1F10D;
					};
				};
			};
			buildConfigurationList = 38D8C6F125BC622500C1F10D /* Build configuration list for PBXProject "cake-it" */;
			compatibilityVersion = "Xcode 9.3";
			developmentRegion = en;
			hasScannedForEncodings = 0;
			knownRegions = (
				en,
				Base,
			);
			mainGroup = 38D8C6ED25BC622500C1F10D;
			productRefGroup = 38D8C6F725BC622500C1F10D /* Products */;
			projectDirPath = "";
			projectRoot = "";
			targets = (
				38D8C6F525BC622500C1F10D /* cake-it */,
				38D8C70B25BC622700C1F10D /* cake-itTests */,
				38D8C71625BC622700C1F10D /* cake-itUITests */,
			);
		};
/* End PBXProject section */

/* Begin PBXResourcesBuildPhase section */
		38D8C6F425BC622500C1F10D /* Resources */ = {
			isa = PBXResourcesBuildPhase;
			buildActionMask = 2147483647;
			files = (
				F774B93525E0E0BF006EE0EC /* LoginTest.storyboard in Resources */,
				8BEA0F43260CD36000743512 /* CakeDesignCell.xib in Resources */,
				F7A30F5B25F394310023CDD5 /* PhotoUpload.storyboard in Resources */,
				38D8C70625BC622700C1F10D /* LaunchScreen.storyboard in Resources */,
				38D8C70325BC622700C1F10D /* Assets.xcassets in Resources */,
				8B93B2E62610C9E90060ACAC /* SpoqaHanSansNeo-Regular.otf in Resources */,
				F774B93125E0E0BF006EE0EC /* Nickname.storyboard in Resources */,
				8B93B2E92610C9E90060ACAC /* SpoqaHanSansNeo-Medium.otf in Resources */,
				8B93B2E52610C9E90060ACAC /* SpoqaHanSansNeo-Bold.otf in Resources */,
				38D8C70125BC622500C1F10D /* Tabbar.storyboard in Resources */,
				8B875D2F25DAE836003D9CFA /* MyPage.storyboard in Resources */,
				8B875D1B25DAE747003D9CFA /* SavedItem.storyboard in Resources */,
				8B93B2E72610C9E90060ACAC /* SpoqaHanSansNeo-Thin.otf in Resources */,
				8B3AF14625DAE16A00B9F48D /* Home.storyboard in Resources */,
				8B93B2E82610C9E90060ACAC /* SpoqaHanSansNeo-Light.otf in Resources */,
				8B875D0A25DAE6B3003D9CFA /* Shops.storyboard in Resources */,
				8B875CF625DAE61D003D9CFA /* Search.storyboard in Resources */,
			);
			runOnlyForDeploymentPostprocessing = 0;
		};
		38D8C70A25BC622700C1F10D /* Resources */ = {
			isa = PBXResourcesBuildPhase;
			buildActionMask = 2147483647;
			files = (
			);
			runOnlyForDeploymentPostprocessing = 0;
		};
		38D8C71525BC622700C1F10D /* Resources */ = {
			isa = PBXResourcesBuildPhase;
			buildActionMask = 2147483647;
			files = (
			);
			runOnlyForDeploymentPostprocessing = 0;
		};
/* End PBXResourcesBuildPhase section */

/* Begin PBXShellScriptBuildPhase section */
		218EBFB0B29160DD3D544FEB /* [CP] Check Pods Manifest.lock */ = {
			isa = PBXShellScriptBuildPhase;
			buildActionMask = 2147483647;
			files = (
			);
			inputFileListPaths = (
			);
			inputPaths = (
				"${PODS_PODFILE_DIR_PATH}/Podfile.lock",
				"${PODS_ROOT}/Manifest.lock",
			);
			name = "[CP] Check Pods Manifest.lock";
			outputFileListPaths = (
			);
			outputPaths = (
				"$(DERIVED_FILE_DIR)/Pods-cake-itTests-checkManifestLockResult.txt",
			);
			runOnlyForDeploymentPostprocessing = 0;
			shellPath = /bin/sh;
			shellScript = "diff \"${PODS_PODFILE_DIR_PATH}/Podfile.lock\" \"${PODS_ROOT}/Manifest.lock\" > /dev/null\nif [ $? != 0 ] ; then\n    # print error to STDERR\n    echo \"error: The sandbox is not in sync with the Podfile.lock. Run 'pod install' or update your CocoaPods installation.\" >&2\n    exit 1\nfi\n# This output is used by Xcode 'outputs' to avoid re-running this script phase.\necho \"SUCCESS\" > \"${SCRIPT_OUTPUT_FILE_0}\"\n";
			showEnvVarsInLog = 0;
		};
		40CC4F1C21C3C8C0AEE5291D /* [CP] Check Pods Manifest.lock */ = {
			isa = PBXShellScriptBuildPhase;
			buildActionMask = 2147483647;
			files = (
			);
			inputFileListPaths = (
			);
			inputPaths = (
				"${PODS_PODFILE_DIR_PATH}/Podfile.lock",
				"${PODS_ROOT}/Manifest.lock",
			);
			name = "[CP] Check Pods Manifest.lock";
			outputFileListPaths = (
			);
			outputPaths = (
				"$(DERIVED_FILE_DIR)/Pods-cake-it-cake-itUITests-checkManifestLockResult.txt",
			);
			runOnlyForDeploymentPostprocessing = 0;
			shellPath = /bin/sh;
			shellScript = "diff \"${PODS_PODFILE_DIR_PATH}/Podfile.lock\" \"${PODS_ROOT}/Manifest.lock\" > /dev/null\nif [ $? != 0 ] ; then\n    # print error to STDERR\n    echo \"error: The sandbox is not in sync with the Podfile.lock. Run 'pod install' or update your CocoaPods installation.\" >&2\n    exit 1\nfi\n# This output is used by Xcode 'outputs' to avoid re-running this script phase.\necho \"SUCCESS\" > \"${SCRIPT_OUTPUT_FILE_0}\"\n";
			showEnvVarsInLog = 0;
		};
		489B5E5D4C198B95BAC07448 /* [CP] Check Pods Manifest.lock */ = {
			isa = PBXShellScriptBuildPhase;
			buildActionMask = 2147483647;
			files = (
			);
			inputFileListPaths = (
			);
			inputPaths = (
				"${PODS_PODFILE_DIR_PATH}/Podfile.lock",
				"${PODS_ROOT}/Manifest.lock",
			);
			name = "[CP] Check Pods Manifest.lock";
			outputFileListPaths = (
			);
			outputPaths = (
				"$(DERIVED_FILE_DIR)/Pods-cake-it-checkManifestLockResult.txt",
			);
			runOnlyForDeploymentPostprocessing = 0;
			shellPath = /bin/sh;
			shellScript = "diff \"${PODS_PODFILE_DIR_PATH}/Podfile.lock\" \"${PODS_ROOT}/Manifest.lock\" > /dev/null\nif [ $? != 0 ] ; then\n    # print error to STDERR\n    echo \"error: The sandbox is not in sync with the Podfile.lock. Run 'pod install' or update your CocoaPods installation.\" >&2\n    exit 1\nfi\n# This output is used by Xcode 'outputs' to avoid re-running this script phase.\necho \"SUCCESS\" > \"${SCRIPT_OUTPUT_FILE_0}\"\n";
			showEnvVarsInLog = 0;
		};
		8DD46BF6148E86C7A5159682 /* [CP] Embed Pods Frameworks */ = {
			isa = PBXShellScriptBuildPhase;
			buildActionMask = 2147483647;
			files = (
			);
			inputFileListPaths = (
				"${PODS_ROOT}/Target Support Files/Pods-cake-it/Pods-cake-it-frameworks-${CONFIGURATION}-input-files.xcfilelist",
			);
			name = "[CP] Embed Pods Frameworks";
			outputFileListPaths = (
				"${PODS_ROOT}/Target Support Files/Pods-cake-it/Pods-cake-it-frameworks-${CONFIGURATION}-output-files.xcfilelist",
			);
			runOnlyForDeploymentPostprocessing = 0;
			shellPath = /bin/sh;
			shellScript = "\"${PODS_ROOT}/Target Support Files/Pods-cake-it/Pods-cake-it-frameworks.sh\"\n";
			showEnvVarsInLog = 0;
		};
		B5473535F85EBE9DEF8D07AC /* [CP] Embed Pods Frameworks */ = {
			isa = PBXShellScriptBuildPhase;
			buildActionMask = 2147483647;
			files = (
			);
			inputFileListPaths = (
				"${PODS_ROOT}/Target Support Files/Pods-cake-it-cake-itUITests/Pods-cake-it-cake-itUITests-frameworks-${CONFIGURATION}-input-files.xcfilelist",
			);
			name = "[CP] Embed Pods Frameworks";
			outputFileListPaths = (
				"${PODS_ROOT}/Target Support Files/Pods-cake-it-cake-itUITests/Pods-cake-it-cake-itUITests-frameworks-${CONFIGURATION}-output-files.xcfilelist",
			);
			runOnlyForDeploymentPostprocessing = 0;
			shellPath = /bin/sh;
			shellScript = "\"${PODS_ROOT}/Target Support Files/Pods-cake-it-cake-itUITests/Pods-cake-it-cake-itUITests-frameworks.sh\"\n";
			showEnvVarsInLog = 0;
		};
/* End PBXShellScriptBuildPhase section */

/* Begin PBXSourcesBuildPhase section */
		38D8C6F225BC622500C1F10D /* Sources */ = {
			isa = PBXSourcesBuildPhase;
			buildActionMask = 2147483647;
			files = (
				F774B94B25E0E0FE006EE0EC /* BaseModel.swift in Sources */,
				F774B93225E0E0BF006EE0EC /* LoginTestViewModel.swift in Sources */,
				8BEA0F4D260CD66600743512 /* String_MoneyFormat.swift in Sources */,
				F774B93325E0E0BF006EE0EC /* LoginTestModel.swift in Sources */,
				F774B94A25E0E0FE006EE0EC /* BaseViewModel.swift in Sources */,
				8BEA0F35260CD2F800743512 /* DesignListViewController+UICollectionViewDataSource.swift in Sources */,
				ACE7B36525E3EE6B0045E489 /* LoginViewController.swift in Sources */,
				38D8C6FE25BC622500C1F10D /* HomeViewController.swift in Sources */,
				F7A30F5325F394210023CDD5 /* PhotoUploadViewModel.swift in Sources */,
				8BEA0F42260CD36000743512 /* CakeDesignCell.swift in Sources */,
				38D8C6FA25BC622500C1F10D /* AppDelegate.swift in Sources */,
				8B875D2625DAE7B3003D9CFA /* SavedItemMainViewController.swift in Sources */,
				F774B92F25E0E0BF006EE0EC /* NicknameModel.swift in Sources */,
				8B0DDA5F260CE4F4003923D9 /* UIView+RoundCorner.swift in Sources */,
				F774B93425E0E0BF006EE0EC /* LoginTestViewController.swift in Sources */,
				8BEA0F2D260CC05200743512 /* CakeDesign.swift in Sources */,
				8B875CFE25DAE630003D9CFA /* SearchMainViewController.swift in Sources */,
				F774B92E25E0E0BF006EE0EC /* NicknameViewModel.swift in Sources */,
				F774B93025E0E0BF006EE0EC /* NicknameViewController.swift in Sources */,
				8B93B2EE2610CF5D0060ACAC /* Fonts.swift in Sources */,
				8B0DDA51260CE120003923D9 /* UIView+AutoLayout.swift in Sources */,
				F7A30F6025F3943D0023CDD5 /* PhotoUploadViewController.swift in Sources */,
				F774B93625E0E0BF006EE0EC /* NetworkManager.swift in Sources */,
				38D8C6FC25BC622500C1F10D /* SceneDelegate.swift in Sources */,
				8B875D3425DAE843003D9CFA /* MyPageMainViewController.swift in Sources */,
				F774B94925E0E0FE006EE0EC /* BaseViewController.swift in Sources */,
				8B93B2D92610C3160060ACAC /* Colors.swift in Sources */,
				8BEA0F48260CD4EA00743512 /* DesignListViewController+UICollectionViewDelegate.swift in Sources */,
				F774B93725E0E0BF006EE0EC /* NetworkCommon.swift in Sources */,
				F7A30F4B25F393E30023CDD5 /* PhotoUploadModel.swift in Sources */,
				8B62C32126010043005F599A /* UIViewController+instantiateFromStoryboard.swift in Sources */,
				8B62C3142600FE10005F599A /* DesignListViewController.swift in Sources */,
				8B875D0F25DAE6C4003D9CFA /* ShopsMainViewController.swift in Sources */,
			);
			runOnlyForDeploymentPostprocessing = 0;
		};
		38D8C70825BC622700C1F10D /* Sources */ = {
			isa = PBXSourcesBuildPhase;
			buildActionMask = 2147483647;
			files = (
				38D8C71125BC622700C1F10D /* cake_itTests.swift in Sources */,
			);
			runOnlyForDeploymentPostprocessing = 0;
		};
		38D8C71325BC622700C1F10D /* Sources */ = {
			isa = PBXSourcesBuildPhase;
			buildActionMask = 2147483647;
			files = (
				38D8C71C25BC622700C1F10D /* cake_itUITests.swift in Sources */,
			);
			runOnlyForDeploymentPostprocessing = 0;
		};
/* End PBXSourcesBuildPhase section */

/* Begin PBXTargetDependency section */
		38D8C70E25BC622700C1F10D /* PBXTargetDependency */ = {
			isa = PBXTargetDependency;
			target = 38D8C6F525BC622500C1F10D /* cake-it */;
			targetProxy = 38D8C70D25BC622700C1F10D /* PBXContainerItemProxy */;
		};
		38D8C71925BC622700C1F10D /* PBXTargetDependency */ = {
			isa = PBXTargetDependency;
			target = 38D8C6F525BC622500C1F10D /* cake-it */;
			targetProxy = 38D8C71825BC622700C1F10D /* PBXContainerItemProxy */;
		};
/* End PBXTargetDependency section */

/* Begin PBXVariantGroup section */
		38D8C6FF25BC622500C1F10D /* Tabbar.storyboard */ = {
			isa = PBXVariantGroup;
			children = (
				38D8C70025BC622500C1F10D /* Base */,
			);
			name = Tabbar.storyboard;
			sourceTree = "<group>";
		};
		38D8C70425BC622700C1F10D /* LaunchScreen.storyboard */ = {
			isa = PBXVariantGroup;
			children = (
				38D8C70525BC622700C1F10D /* Base */,
			);
			name = LaunchScreen.storyboard;
			sourceTree = "<group>";
		};
/* End PBXVariantGroup section */

/* Begin XCBuildConfiguration section */
		38D8C71E25BC622700C1F10D /* Debug */ = {
			isa = XCBuildConfiguration;
			buildSettings = {
				ALWAYS_SEARCH_USER_PATHS = NO;
				CLANG_ANALYZER_NONNULL = YES;
				CLANG_ANALYZER_NUMBER_OBJECT_CONVERSION = YES_AGGRESSIVE;
				CLANG_CXX_LANGUAGE_STANDARD = "gnu++14";
				CLANG_CXX_LIBRARY = "libc++";
				CLANG_ENABLE_MODULES = YES;
				CLANG_ENABLE_OBJC_ARC = YES;
				CLANG_ENABLE_OBJC_WEAK = YES;
				CLANG_WARN_BLOCK_CAPTURE_AUTORELEASING = YES;
				CLANG_WARN_BOOL_CONVERSION = YES;
				CLANG_WARN_COMMA = YES;
				CLANG_WARN_CONSTANT_CONVERSION = YES;
				CLANG_WARN_DEPRECATED_OBJC_IMPLEMENTATIONS = YES;
				CLANG_WARN_DIRECT_OBJC_ISA_USAGE = YES_ERROR;
				CLANG_WARN_DOCUMENTATION_COMMENTS = YES;
				CLANG_WARN_EMPTY_BODY = YES;
				CLANG_WARN_ENUM_CONVERSION = YES;
				CLANG_WARN_INFINITE_RECURSION = YES;
				CLANG_WARN_INT_CONVERSION = YES;
				CLANG_WARN_NON_LITERAL_NULL_CONVERSION = YES;
				CLANG_WARN_OBJC_IMPLICIT_RETAIN_SELF = YES;
				CLANG_WARN_OBJC_LITERAL_CONVERSION = YES;
				CLANG_WARN_OBJC_ROOT_CLASS = YES_ERROR;
				CLANG_WARN_QUOTED_INCLUDE_IN_FRAMEWORK_HEADER = YES;
				CLANG_WARN_RANGE_LOOP_ANALYSIS = YES;
				CLANG_WARN_STRICT_PROTOTYPES = YES;
				CLANG_WARN_SUSPICIOUS_MOVE = YES;
				CLANG_WARN_UNGUARDED_AVAILABILITY = YES_AGGRESSIVE;
				CLANG_WARN_UNREACHABLE_CODE = YES;
				CLANG_WARN__DUPLICATE_METHOD_MATCH = YES;
				COPY_PHASE_STRIP = NO;
				DEBUG_INFORMATION_FORMAT = dwarf;
				ENABLE_STRICT_OBJC_MSGSEND = YES;
				ENABLE_TESTABILITY = YES;
				GCC_C_LANGUAGE_STANDARD = gnu11;
				GCC_DYNAMIC_NO_PIC = NO;
				GCC_NO_COMMON_BLOCKS = YES;
				GCC_OPTIMIZATION_LEVEL = 0;
				GCC_PREPROCESSOR_DEFINITIONS = (
					"DEBUG=1",
					"$(inherited)",
				);
				GCC_WARN_64_TO_32_BIT_CONVERSION = YES;
				GCC_WARN_ABOUT_RETURN_TYPE = YES_ERROR;
				GCC_WARN_UNDECLARED_SELECTOR = YES;
				GCC_WARN_UNINITIALIZED_AUTOS = YES_AGGRESSIVE;
				GCC_WARN_UNUSED_FUNCTION = YES;
				GCC_WARN_UNUSED_VARIABLE = YES;
				IPHONEOS_DEPLOYMENT_TARGET = 14.3;
				MTL_ENABLE_DEBUG_INFO = INCLUDE_SOURCE;
				MTL_FAST_MATH = YES;
				ONLY_ACTIVE_ARCH = YES;
				SDKROOT = iphoneos;
				SWIFT_ACTIVE_COMPILATION_CONDITIONS = DEBUG;
				SWIFT_OPTIMIZATION_LEVEL = "-Onone";
			};
			name = Debug;
		};
		38D8C71F25BC622700C1F10D /* Release */ = {
			isa = XCBuildConfiguration;
			buildSettings = {
				ALWAYS_SEARCH_USER_PATHS = NO;
				CLANG_ANALYZER_NONNULL = YES;
				CLANG_ANALYZER_NUMBER_OBJECT_CONVERSION = YES_AGGRESSIVE;
				CLANG_CXX_LANGUAGE_STANDARD = "gnu++14";
				CLANG_CXX_LIBRARY = "libc++";
				CLANG_ENABLE_MODULES = YES;
				CLANG_ENABLE_OBJC_ARC = YES;
				CLANG_ENABLE_OBJC_WEAK = YES;
				CLANG_WARN_BLOCK_CAPTURE_AUTORELEASING = YES;
				CLANG_WARN_BOOL_CONVERSION = YES;
				CLANG_WARN_COMMA = YES;
				CLANG_WARN_CONSTANT_CONVERSION = YES;
				CLANG_WARN_DEPRECATED_OBJC_IMPLEMENTATIONS = YES;
				CLANG_WARN_DIRECT_OBJC_ISA_USAGE = YES_ERROR;
				CLANG_WARN_DOCUMENTATION_COMMENTS = YES;
				CLANG_WARN_EMPTY_BODY = YES;
				CLANG_WARN_ENUM_CONVERSION = YES;
				CLANG_WARN_INFINITE_RECURSION = YES;
				CLANG_WARN_INT_CONVERSION = YES;
				CLANG_WARN_NON_LITERAL_NULL_CONVERSION = YES;
				CLANG_WARN_OBJC_IMPLICIT_RETAIN_SELF = YES;
				CLANG_WARN_OBJC_LITERAL_CONVERSION = YES;
				CLANG_WARN_OBJC_ROOT_CLASS = YES_ERROR;
				CLANG_WARN_QUOTED_INCLUDE_IN_FRAMEWORK_HEADER = YES;
				CLANG_WARN_RANGE_LOOP_ANALYSIS = YES;
				CLANG_WARN_STRICT_PROTOTYPES = YES;
				CLANG_WARN_SUSPICIOUS_MOVE = YES;
				CLANG_WARN_UNGUARDED_AVAILABILITY = YES_AGGRESSIVE;
				CLANG_WARN_UNREACHABLE_CODE = YES;
				CLANG_WARN__DUPLICATE_METHOD_MATCH = YES;
				COPY_PHASE_STRIP = NO;
				DEBUG_INFORMATION_FORMAT = "dwarf-with-dsym";
				ENABLE_NS_ASSERTIONS = NO;
				ENABLE_STRICT_OBJC_MSGSEND = YES;
				GCC_C_LANGUAGE_STANDARD = gnu11;
				GCC_NO_COMMON_BLOCKS = YES;
				GCC_WARN_64_TO_32_BIT_CONVERSION = YES;
				GCC_WARN_ABOUT_RETURN_TYPE = YES_ERROR;
				GCC_WARN_UNDECLARED_SELECTOR = YES;
				GCC_WARN_UNINITIALIZED_AUTOS = YES_AGGRESSIVE;
				GCC_WARN_UNUSED_FUNCTION = YES;
				GCC_WARN_UNUSED_VARIABLE = YES;
				IPHONEOS_DEPLOYMENT_TARGET = 14.3;
				MTL_ENABLE_DEBUG_INFO = NO;
				MTL_FAST_MATH = YES;
				SDKROOT = iphoneos;
				SWIFT_COMPILATION_MODE = wholemodule;
				SWIFT_OPTIMIZATION_LEVEL = "-O";
				VALIDATE_PRODUCT = YES;
			};
			name = Release;
		};
		38D8C72125BC622700C1F10D /* Debug */ = {
			isa = XCBuildConfiguration;
			baseConfigurationReference = AEDF9B83790700EB68FD0211 /* Pods-cake-it.debug.xcconfig */;
			buildSettings = {
				ASSETCATALOG_COMPILER_APPICON_NAME = AppIcon;
				ASSETCATALOG_COMPILER_GLOBAL_ACCENT_COLOR_NAME = AccentColor;
				CODE_SIGN_STYLE = Automatic;
				DEVELOPMENT_TEAM = 265H8P3B42;
				INFOPLIST_FILE = "cake-it/Info.plist";
				IPHONEOS_DEPLOYMENT_TARGET = 13.0;
				LD_RUNPATH_SEARCH_PATHS = (
					"$(inherited)",
					"@executable_path/Frameworks",
				);
				PRODUCT_BUNDLE_IDENTIFIER = "next.cake-it";
				PRODUCT_NAME = "$(TARGET_NAME)";
				SWIFT_VERSION = 5.0;
				TARGETED_DEVICE_FAMILY = "1,2";
			};
			name = Debug;
		};
		38D8C72225BC622700C1F10D /* Release */ = {
			isa = XCBuildConfiguration;
			baseConfigurationReference = D792EB0BE229648F5A5C7460 /* Pods-cake-it.release.xcconfig */;
			buildSettings = {
				ASSETCATALOG_COMPILER_APPICON_NAME = AppIcon;
				ASSETCATALOG_COMPILER_GLOBAL_ACCENT_COLOR_NAME = AccentColor;
				CODE_SIGN_STYLE = Automatic;
				DEVELOPMENT_TEAM = 265H8P3B42;
				INFOPLIST_FILE = "cake-it/Info.plist";
				IPHONEOS_DEPLOYMENT_TARGET = 13.0;
				LD_RUNPATH_SEARCH_PATHS = (
					"$(inherited)",
					"@executable_path/Frameworks",
				);
				PRODUCT_BUNDLE_IDENTIFIER = "next.cake-it";
				PRODUCT_NAME = "$(TARGET_NAME)";
				SWIFT_VERSION = 5.0;
				TARGETED_DEVICE_FAMILY = "1,2";
			};
			name = Release;
		};
		38D8C72425BC622700C1F10D /* Debug */ = {
			isa = XCBuildConfiguration;
			baseConfigurationReference = C9D389A843537311BA9F1FA4 /* Pods-cake-itTests.debug.xcconfig */;
			buildSettings = {
				ALWAYS_EMBED_SWIFT_STANDARD_LIBRARIES = YES;
				BUNDLE_LOADER = "$(TEST_HOST)";
				CODE_SIGN_STYLE = Automatic;
				INFOPLIST_FILE = "cake-itTests/Info.plist";
				IPHONEOS_DEPLOYMENT_TARGET = 14.3;
				LD_RUNPATH_SEARCH_PATHS = (
					"$(inherited)",
					"@executable_path/Frameworks",
					"@loader_path/Frameworks",
				);
				PRODUCT_BUNDLE_IDENTIFIER = "next.cake-itTests";
				PRODUCT_NAME = "$(TARGET_NAME)";
				SWIFT_VERSION = 5.0;
				TARGETED_DEVICE_FAMILY = "1,2";
				TEST_HOST = "$(BUILT_PRODUCTS_DIR)/cake-it.app/cake-it";
			};
			name = Debug;
		};
		38D8C72525BC622700C1F10D /* Release */ = {
			isa = XCBuildConfiguration;
			baseConfigurationReference = 45B2B377B3AB9CD829F6B911 /* Pods-cake-itTests.release.xcconfig */;
			buildSettings = {
				ALWAYS_EMBED_SWIFT_STANDARD_LIBRARIES = YES;
				BUNDLE_LOADER = "$(TEST_HOST)";
				CODE_SIGN_STYLE = Automatic;
				INFOPLIST_FILE = "cake-itTests/Info.plist";
				IPHONEOS_DEPLOYMENT_TARGET = 14.3;
				LD_RUNPATH_SEARCH_PATHS = (
					"$(inherited)",
					"@executable_path/Frameworks",
					"@loader_path/Frameworks",
				);
				PRODUCT_BUNDLE_IDENTIFIER = "next.cake-itTests";
				PRODUCT_NAME = "$(TARGET_NAME)";
				SWIFT_VERSION = 5.0;
				TARGETED_DEVICE_FAMILY = "1,2";
				TEST_HOST = "$(BUILT_PRODUCTS_DIR)/cake-it.app/cake-it";
			};
			name = Release;
		};
		38D8C72725BC622700C1F10D /* Debug */ = {
			isa = XCBuildConfiguration;
			baseConfigurationReference = E670015E1C84D024CD034B18 /* Pods-cake-it-cake-itUITests.debug.xcconfig */;
			buildSettings = {
				ALWAYS_EMBED_SWIFT_STANDARD_LIBRARIES = YES;
				CODE_SIGN_STYLE = Automatic;
				INFOPLIST_FILE = "cake-itUITests/Info.plist";
				LD_RUNPATH_SEARCH_PATHS = (
					"$(inherited)",
					"@executable_path/Frameworks",
					"@loader_path/Frameworks",
				);
				PRODUCT_BUNDLE_IDENTIFIER = "next.cake-itUITests";
				PRODUCT_NAME = "$(TARGET_NAME)";
				SWIFT_VERSION = 5.0;
				TARGETED_DEVICE_FAMILY = "1,2";
				TEST_TARGET_NAME = "cake-it";
			};
			name = Debug;
		};
		38D8C72825BC622700C1F10D /* Release */ = {
			isa = XCBuildConfiguration;
			baseConfigurationReference = A3B6B7267103FC2A193A7BCA /* Pods-cake-it-cake-itUITests.release.xcconfig */;
			buildSettings = {
				ALWAYS_EMBED_SWIFT_STANDARD_LIBRARIES = YES;
				CODE_SIGN_STYLE = Automatic;
				INFOPLIST_FILE = "cake-itUITests/Info.plist";
				LD_RUNPATH_SEARCH_PATHS = (
					"$(inherited)",
					"@executable_path/Frameworks",
					"@loader_path/Frameworks",
				);
				PRODUCT_BUNDLE_IDENTIFIER = "next.cake-itUITests";
				PRODUCT_NAME = "$(TARGET_NAME)";
				SWIFT_VERSION = 5.0;
				TARGETED_DEVICE_FAMILY = "1,2";
				TEST_TARGET_NAME = "cake-it";
			};
			name = Release;
		};
/* End XCBuildConfiguration section */

/* Begin XCConfigurationList section */
		38D8C6F125BC622500C1F10D /* Build configuration list for PBXProject "cake-it" */ = {
			isa = XCConfigurationList;
			buildConfigurations = (
				38D8C71E25BC622700C1F10D /* Debug */,
				38D8C71F25BC622700C1F10D /* Release */,
			);
			defaultConfigurationIsVisible = 0;
			defaultConfigurationName = Release;
		};
		38D8C72025BC622700C1F10D /* Build configuration list for PBXNativeTarget "cake-it" */ = {
			isa = XCConfigurationList;
			buildConfigurations = (
				38D8C72125BC622700C1F10D /* Debug */,
				38D8C72225BC622700C1F10D /* Release */,
			);
			defaultConfigurationIsVisible = 0;
			defaultConfigurationName = Release;
		};
		38D8C72325BC622700C1F10D /* Build configuration list for PBXNativeTarget "cake-itTests" */ = {
			isa = XCConfigurationList;
			buildConfigurations = (
				38D8C72425BC622700C1F10D /* Debug */,
				38D8C72525BC622700C1F10D /* Release */,
			);
			defaultConfigurationIsVisible = 0;
			defaultConfigurationName = Release;
		};
		38D8C72625BC622700C1F10D /* Build configuration list for PBXNativeTarget "cake-itUITests" */ = {
			isa = XCConfigurationList;
			buildConfigurations = (
				38D8C72725BC622700C1F10D /* Debug */,
				38D8C72825BC622700C1F10D /* Release */,
			);
			defaultConfigurationIsVisible = 0;
			defaultConfigurationName = Release;
		};
/* End XCConfigurationList section */
	};
	rootObject = 38D8C6EE25BC622500C1F10D /* Project object */;
}
