// !$*UTF8*$!
{
	archiveVersion = 1;
	classes = {
	};
	objectVersion = 51;
	objects = {

/* Begin PBXBuildFile section */
		38D8C6FA25BC622500C1F10D /* AppDelegate.swift in Sources */ = {isa = PBXBuildFile; fileRef = 38D8C6F925BC622500C1F10D /* AppDelegate.swift */; };
		38D8C6FC25BC622500C1F10D /* SceneDelegate.swift in Sources */ = {isa = PBXBuildFile; fileRef = 38D8C6FB25BC622500C1F10D /* SceneDelegate.swift */; };
		38D8C6FE25BC622500C1F10D /* HomeViewController.swift in Sources */ = {isa = PBXBuildFile; fileRef = 38D8C6FD25BC622500C1F10D /* HomeViewController.swift */; };
		38D8C70125BC622500C1F10D /* Main.storyboard in Resources */ = {isa = PBXBuildFile; fileRef = 38D8C6FF25BC622500C1F10D /* Main.storyboard */; };
		38D8C70325BC622700C1F10D /* Assets.xcassets in Resources */ = {isa = PBXBuildFile; fileRef = 38D8C70225BC622700C1F10D /* Assets.xcassets */; };
		38D8C70625BC622700C1F10D /* LaunchScreen.storyboard in Resources */ = {isa = PBXBuildFile; fileRef = 38D8C70425BC622700C1F10D /* LaunchScreen.storyboard */; };
		38D8C71125BC622700C1F10D /* cake_itTests.swift in Sources */ = {isa = PBXBuildFile; fileRef = 38D8C71025BC622700C1F10D /* cake_itTests.swift */; };
		38D8C71C25BC622700C1F10D /* cake_itUITests.swift in Sources */ = {isa = PBXBuildFile; fileRef = 38D8C71B25BC622700C1F10D /* cake_itUITests.swift */; };
		38D8C73025BC627F00C1F10D /* Order.storyboard in Resources */ = {isa = PBXBuildFile; fileRef = 38D8C72F25BC627F00C1F10D /* Order.storyboard */; };
		BAE39D084B27C2AEF8CF70C2 /* Pods_cake_itTests.framework in Frameworks */ = {isa = PBXBuildFile; fileRef = CD5FA7B0877090BFFC4DF174 /* Pods_cake_itTests.framework */; };
		F5F81AEF6C89360AA25576C5 /* Pods_cake_it_cake_itUITests.framework in Frameworks */ = {isa = PBXBuildFile; fileRef = 435C407F242C25DF57063C29 /* Pods_cake_it_cake_itUITests.framework */; };
		F7566AD025CFEC98005F6CA6 /* LoginModel.swift in Sources */ = {isa = PBXBuildFile; fileRef = F7566ACF25CFEC98005F6CA6 /* LoginModel.swift */; };
		F77E299E25C6980F0098D422 /* NetworkManager.swift in Sources */ = {isa = PBXBuildFile; fileRef = F77E299D25C6980F0098D422 /* NetworkManager.swift */; };
		F783C12F25CFF351004EB56E /* BaseModel.swift in Sources */ = {isa = PBXBuildFile; fileRef = F783C12E25CFF351004EB56E /* BaseModel.swift */; };
		FE6C5735106CC055DDBE3AF3 /* Pods_cake_it.framework in Frameworks */ = {isa = PBXBuildFile; fileRef = 6C09072CD9E89655EA622153 /* Pods_cake_it.framework */; };
/* End PBXBuildFile section */

/* Begin PBXContainerItemProxy section */
		38D8C70D25BC622700C1F10D /* PBXContainerItemProxy */ = {
			isa = PBXContainerItemProxy;
			containerPortal = 38D8C6EE25BC622500C1F10D /* Project object */;
			proxyType = 1;
			remoteGlobalIDString = 38D8C6F525BC622500C1F10D;
			remoteInfo = "cake-it";
		};
		38D8C71825BC622700C1F10D /* PBXContainerItemProxy */ = {
			isa = PBXContainerItemProxy;
			containerPortal = 38D8C6EE25BC622500C1F10D /* Project object */;
			proxyType = 1;
			remoteGlobalIDString = 38D8C6F525BC622500C1F10D;
			remoteInfo = "cake-it";
		};
/* End PBXContainerItemProxy section */

/* Begin PBXFileReference section */
		38D8C6F625BC622500C1F10D /* cake-it.app */ = {isa = PBXFileReference; explicitFileType = wrapper.application; includeInIndex = 0; path = "cake-it.app"; sourceTree = BUILT_PRODUCTS_DIR; };
		38D8C6F925BC622500C1F10D /* AppDelegate.swift */ = {isa = PBXFileReference; lastKnownFileType = sourcecode.swift; path = AppDelegate.swift; sourceTree = "<group>"; };
		38D8C6FB25BC622500C1F10D /* SceneDelegate.swift */ = {isa = PBXFileReference; lastKnownFileType = sourcecode.swift; path = SceneDelegate.swift; sourceTree = "<group>"; };
		38D8C6FD25BC622500C1F10D /* HomeViewController.swift */ = {isa = PBXFileReference; lastKnownFileType = sourcecode.swift; path = HomeViewController.swift; sourceTree = "<group>"; };
		38D8C70025BC622500C1F10D /* Base */ = {isa = PBXFileReference; lastKnownFileType = file.storyboard; name = Base; path = Base.lproj/Main.storyboard; sourceTree = "<group>"; };
		38D8C70225BC622700C1F10D /* Assets.xcassets */ = {isa = PBXFileReference; lastKnownFileType = folder.assetcatalog; path = Assets.xcassets; sourceTree = "<group>"; };
		38D8C70525BC622700C1F10D /* Base */ = {isa = PBXFileReference; lastKnownFileType = file.storyboard; name = Base; path = Base.lproj/LaunchScreen.storyboard; sourceTree = "<group>"; };
		38D8C70725BC622700C1F10D /* Info.plist */ = {isa = PBXFileReference; lastKnownFileType = text.plist.xml; path = Info.plist; sourceTree = "<group>"; };
		38D8C70C25BC622700C1F10D /* cake-itTests.xctest */ = {isa = PBXFileReference; explicitFileType = wrapper.cfbundle; includeInIndex = 0; path = "cake-itTests.xctest"; sourceTree = BUILT_PRODUCTS_DIR; };
		38D8C71025BC622700C1F10D /* cake_itTests.swift */ = {isa = PBXFileReference; lastKnownFileType = sourcecode.swift; path = cake_itTests.swift; sourceTree = "<group>"; };
		38D8C71225BC622700C1F10D /* Info.plist */ = {isa = PBXFileReference; lastKnownFileType = text.plist.xml; path = Info.plist; sourceTree = "<group>"; };
		38D8C71725BC622700C1F10D /* cake-itUITests.xctest */ = {isa = PBXFileReference; explicitFileType = wrapper.cfbundle; includeInIndex = 0; path = "cake-itUITests.xctest"; sourceTree = BUILT_PRODUCTS_DIR; };
		38D8C71B25BC622700C1F10D /* cake_itUITests.swift */ = {isa = PBXFileReference; lastKnownFileType = sourcecode.swift; path = cake_itUITests.swift; sourceTree = "<group>"; };
		38D8C71D25BC622700C1F10D /* Info.plist */ = {isa = PBXFileReference; lastKnownFileType = text.plist.xml; path = Info.plist; sourceTree = "<group>"; };
		38D8C72F25BC627F00C1F10D /* Order.storyboard */ = {isa = PBXFileReference; lastKnownFileType = file.storyboard; path = Order.storyboard; sourceTree = "<group>"; };
		3C6FB9750C4EC89C1AE2486E /* Pods-cake-itTests.debug.xcconfig */ = {isa = PBXFileReference; includeInIndex = 1; lastKnownFileType = text.xcconfig; name = "Pods-cake-itTests.debug.xcconfig"; path = "Target Support Files/Pods-cake-itTests/Pods-cake-itTests.debug.xcconfig"; sourceTree = "<group>"; };
		435C407F242C25DF57063C29 /* Pods_cake_it_cake_itUITests.framework */ = {isa = PBXFileReference; explicitFileType = wrapper.framework; includeInIndex = 0; path = Pods_cake_it_cake_itUITests.framework; sourceTree = BUILT_PRODUCTS_DIR; };
		43D673855D0405E9662AF5DC /* Pods-cake-it-cake-itUITests.debug.xcconfig */ = {isa = PBXFileReference; includeInIndex = 1; lastKnownFileType = text.xcconfig; name = "Pods-cake-it-cake-itUITests.debug.xcconfig"; path = "Target Support Files/Pods-cake-it-cake-itUITests/Pods-cake-it-cake-itUITests.debug.xcconfig"; sourceTree = "<group>"; };
		6C09072CD9E89655EA622153 /* Pods_cake_it.framework */ = {isa = PBXFileReference; explicitFileType = wrapper.framework; includeInIndex = 0; path = Pods_cake_it.framework; sourceTree = BUILT_PRODUCTS_DIR; };
		6CB3B33164C0074B09052F0B /* Pods-cake-itTests.release.xcconfig */ = {isa = PBXFileReference; includeInIndex = 1; lastKnownFileType = text.xcconfig; name = "Pods-cake-itTests.release.xcconfig"; path = "Target Support Files/Pods-cake-itTests/Pods-cake-itTests.release.xcconfig"; sourceTree = "<group>"; };
		81E3E8535A0C9E854B59A746 /* Pods-cake-it.debug.xcconfig */ = {isa = PBXFileReference; includeInIndex = 1; lastKnownFileType = text.xcconfig; name = "Pods-cake-it.debug.xcconfig"; path = "Target Support Files/Pods-cake-it/Pods-cake-it.debug.xcconfig"; sourceTree = "<group>"; };
		8C71B96970538B15D597BC65 /* Pods-cake-it-cake-itUITests.release.xcconfig */ = {isa = PBXFileReference; includeInIndex = 1; lastKnownFileType = text.xcconfig; name = "Pods-cake-it-cake-itUITests.release.xcconfig"; path = "Target Support Files/Pods-cake-it-cake-itUITests/Pods-cake-it-cake-itUITests.release.xcconfig"; sourceTree = "<group>"; };
		CD5FA7B0877090BFFC4DF174 /* Pods_cake_itTests.framework */ = {isa = PBXFileReference; explicitFileType = wrapper.framework; includeInIndex = 0; path = Pods_cake_itTests.framework; sourceTree = BUILT_PRODUCTS_DIR; };
		E92932AB6FCE3AFF54E6B82E /* Pods-cake-it.release.xcconfig */ = {isa = PBXFileReference; includeInIndex = 1; lastKnownFileType = text.xcconfig; name = "Pods-cake-it.release.xcconfig"; path = "Target Support Files/Pods-cake-it/Pods-cake-it.release.xcconfig"; sourceTree = "<group>"; };
		F7566ACF25CFEC98005F6CA6 /* LoginModel.swift */ = {isa = PBXFileReference; lastKnownFileType = sourcecode.swift; path = LoginModel.swift; sourceTree = "<group>"; };
		F77E299D25C6980F0098D422 /* NetworkManager.swift */ = {isa = PBXFileReference; lastKnownFileType = sourcecode.swift; path = NetworkManager.swift; sourceTree = "<group>"; };
		F783C12E25CFF351004EB56E /* BaseModel.swift */ = {isa = PBXFileReference; lastKnownFileType = sourcecode.swift; path = BaseModel.swift; sourceTree = "<group>"; };
/* End PBXFileReference section */

/* Begin PBXFrameworksBuildPhase section */
		38D8C6F325BC622500C1F10D /* Frameworks */ = {
			isa = PBXFrameworksBuildPhase;
			buildActionMask = 2147483647;
			files = (
				FE6C5735106CC055DDBE3AF3 /* Pods_cake_it.framework in Frameworks */,
			);
			runOnlyForDeploymentPostprocessing = 0;
		};
		38D8C70925BC622700C1F10D /* Frameworks */ = {
			isa = PBXFrameworksBuildPhase;
			buildActionMask = 2147483647;
			files = (
				BAE39D084B27C2AEF8CF70C2 /* Pods_cake_itTests.framework in Frameworks */,
			);
			runOnlyForDeploymentPostprocessing = 0;
		};
		38D8C71425BC622700C1F10D /* Frameworks */ = {
			isa = PBXFrameworksBuildPhase;
			buildActionMask = 2147483647;
			files = (
				F5F81AEF6C89360AA25576C5 /* Pods_cake_it_cake_itUITests.framework in Frameworks */,
			);
			runOnlyForDeploymentPostprocessing = 0;
		};
/* End PBXFrameworksBuildPhase section */

/* Begin PBXGroup section */
		38D8C6ED25BC622500C1F10D = {
			isa = PBXGroup;
			children = (
				38D8C6F825BC622500C1F10D /* cake-it */,
				38D8C70F25BC622700C1F10D /* cake-itTests */,
				38D8C71A25BC622700C1F10D /* cake-itUITests */,
				38D8C6F725BC622500C1F10D /* Products */,
				768AB2F58D6502EDFCC43D20 /* Pods */,
				8E45C8A58B76FF4CB3DD4882 /* Frameworks */,
			);
			sourceTree = "<group>";
		};
		38D8C6F725BC622500C1F10D /* Products */ = {
			isa = PBXGroup;
			children = (
				38D8C6F625BC622500C1F10D /* cake-it.app */,
				38D8C70C25BC622700C1F10D /* cake-itTests.xctest */,
				38D8C71725BC622700C1F10D /* cake-itUITests.xctest */,
			);
			name = Products;
			sourceTree = "<group>";
		};
		38D8C6F825BC622500C1F10D /* cake-it */ = {
			isa = PBXGroup;
			children = (
				F77E299C25C698020098D422 /* Network */,
				38D8C72C25BC623100C1F10D /* Main */,
				38D8C72D25BC623B00C1F10D /* Order */,
				38D8C6F925BC622500C1F10D /* AppDelegate.swift */,
				38D8C6FB25BC622500C1F10D /* SceneDelegate.swift */,
				38D8C70225BC622700C1F10D /* Assets.xcassets */,
				38D8C70425BC622700C1F10D /* LaunchScreen.storyboard */,
				38D8C70725BC622700C1F10D /* Info.plist */,
			);
			path = "cake-it";
			sourceTree = "<group>";
		};
		38D8C70F25BC622700C1F10D /* cake-itTests */ = {
			isa = PBXGroup;
			children = (
				38D8C71025BC622700C1F10D /* cake_itTests.swift */,
				38D8C71225BC622700C1F10D /* Info.plist */,
			);
			path = "cake-itTests";
			sourceTree = "<group>";
		};
		38D8C71A25BC622700C1F10D /* cake-itUITests */ = {
			isa = PBXGroup;
			children = (
				38D8C71B25BC622700C1F10D /* cake_itUITests.swift */,
				38D8C71D25BC622700C1F10D /* Info.plist */,
			);
			path = "cake-itUITests";
			sourceTree = "<group>";
		};
		38D8C72C25BC623100C1F10D /* Main */ = {
			isa = PBXGroup;
			children = (
				38D8C6FF25BC622500C1F10D /* Main.storyboard */,
				38D8C73A25BC631900C1F10D /* Home */,
			);
			path = Main;
			sourceTree = "<group>";
		};
		38D8C72D25BC623B00C1F10D /* Order */ = {
			isa = PBXGroup;
			children = (
				38D8C72F25BC627F00C1F10D /* Order.storyboard */,
			);
			path = Order;
			sourceTree = "<group>";
		};
		38D8C73A25BC631900C1F10D /* Home */ = {
			isa = PBXGroup;
			children = (
				38D8C6FD25BC622500C1F10D /* HomeViewController.swift */,
			);
			path = Home;
			sourceTree = "<group>";
		};
		768AB2F58D6502EDFCC43D20 /* Pods */ = {
			isa = PBXGroup;
			children = (
				81E3E8535A0C9E854B59A746 /* Pods-cake-it.debug.xcconfig */,
				E92932AB6FCE3AFF54E6B82E /* Pods-cake-it.release.xcconfig */,
				43D673855D0405E9662AF5DC /* Pods-cake-it-cake-itUITests.debug.xcconfig */,
				8C71B96970538B15D597BC65 /* Pods-cake-it-cake-itUITests.release.xcconfig */,
				3C6FB9750C4EC89C1AE2486E /* Pods-cake-itTests.debug.xcconfig */,
				6CB3B33164C0074B09052F0B /* Pods-cake-itTests.release.xcconfig */,
			);
			path = Pods;
			sourceTree = "<group>";
		};
		8E45C8A58B76FF4CB3DD4882 /* Frameworks */ = {
			isa = PBXGroup;
			children = (
				6C09072CD9E89655EA622153 /* Pods_cake_it.framework */,
				435C407F242C25DF57063C29 /* Pods_cake_it_cake_itUITests.framework */,
				CD5FA7B0877090BFFC4DF174 /* Pods_cake_itTests.framework */,
			);
			name = Frameworks;
			sourceTree = "<group>";
		};
		F7566ACE25CFEC89005F6CA6 /* LoginTest */ = {
			isa = PBXGroup;
			children = (
				F7566ACF25CFEC98005F6CA6 /* LoginModel.swift */,
			);
			path = LoginTest;
			sourceTree = "<group>";
		};
		F77E299C25C698020098D422 /* Network */ = {
			isa = PBXGroup;
			children = (
				F783C12E25CFF351004EB56E /* BaseModel.swift */,
				F77E299D25C6980F0098D422 /* NetworkManager.swift */,
				F7566ACE25CFEC89005F6CA6 /* LoginTest */,
			);
			path = Network;
			sourceTree = "<group>";
		};
/* End PBXGroup section */

/* Begin PBXNativeTarget section */
		38D8C6F525BC622500C1F10D /* cake-it */ = {
			isa = PBXNativeTarget;
			buildConfigurationList = 38D8C72025BC622700C1F10D /* Build configuration list for PBXNativeTarget "cake-it" */;
			buildPhases = (
				E5C9B8CF41706E77AE539F9F /* [CP] Check Pods Manifest.lock */,
				38D8C6F225BC622500C1F10D /* Sources */,
				38D8C6F325BC622500C1F10D /* Frameworks */,
				38D8C6F425BC622500C1F10D /* Resources */,
				682968490E5801B47DF56DF0 /* [CP] Embed Pods Frameworks */,
			);
			buildRules = (
			);
			dependencies = (
			);
			name = "cake-it";
			productName = "cake-it";
			productReference = 38D8C6F625BC622500C1F10D /* cake-it.app */;
			productType = "com.apple.product-type.application";
		};
		38D8C70B25BC622700C1F10D /* cake-itTests */ = {
			isa = PBXNativeTarget;
			buildConfigurationList = 38D8C72325BC622700C1F10D /* Build configuration list for PBXNativeTarget "cake-itTests" */;
			buildPhases = (
				E4A25430361390E3F331E8CA /* [CP] Check Pods Manifest.lock */,
				38D8C70825BC622700C1F10D /* Sources */,
				38D8C70925BC622700C1F10D /* Frameworks */,
				38D8C70A25BC622700C1F10D /* Resources */,
			);
			buildRules = (
			);
			dependencies = (
				38D8C70E25BC622700C1F10D /* PBXTargetDependency */,
			);
			name = "cake-itTests";
			productName = "cake-itTests";
			productReference = 38D8C70C25BC622700C1F10D /* cake-itTests.xctest */;
			productType = "com.apple.product-type.bundle.unit-test";
		};
		38D8C71625BC622700C1F10D /* cake-itUITests */ = {
			isa = PBXNativeTarget;
			buildConfigurationList = 38D8C72625BC622700C1F10D /* Build configuration list for PBXNativeTarget "cake-itUITests" */;
			buildPhases = (
				E9C4289C6EFFD1D7AA86FDF3 /* [CP] Check Pods Manifest.lock */,
				38D8C71325BC622700C1F10D /* Sources */,
				38D8C71425BC622700C1F10D /* Frameworks */,
				38D8C71525BC622700C1F10D /* Resources */,
				0F12596101CF9641E4B2C6F0 /* [CP] Embed Pods Frameworks */,
			);
			buildRules = (
			);
			dependencies = (
				38D8C71925BC622700C1F10D /* PBXTargetDependency */,
			);
			name = "cake-itUITests";
			productName = "cake-itUITests";
			productReference = 38D8C71725BC622700C1F10D /* cake-itUITests.xctest */;
			productType = "com.apple.product-type.bundle.ui-testing";
		};
/* End PBXNativeTarget section */

/* Begin PBXProject section */
		38D8C6EE25BC622500C1F10D /* Project object */ = {
			isa = PBXProject;
			attributes = {
				LastSwiftUpdateCheck = 1230;
				LastUpgradeCheck = 1230;
				TargetAttributes = {
					38D8C6F525BC622500C1F10D = {
						CreatedOnToolsVersion = 12.3;
					};
					38D8C70B25BC622700C1F10D = {
						CreatedOnToolsVersion = 12.3;
						TestTargetID = 38D8C6F525BC622500C1F10D;
					};
					38D8C71625BC622700C1F10D = {
						CreatedOnToolsVersion = 12.3;
						TestTargetID = 38D8C6F525BC622500C1F10D;
					};
				};
			};
			buildConfigurationList = 38D8C6F125BC622500C1F10D /* Build configuration list for PBXProject "cake-it" */;
			compatibilityVersion = "Xcode 9.3";
			developmentRegion = en;
			hasScannedForEncodings = 0;
			knownRegions = (
				en,
				Base,
			);
			mainGroup = 38D8C6ED25BC622500C1F10D;
			productRefGroup = 38D8C6F725BC622500C1F10D /* Products */;
			projectDirPath = "";
			projectRoot = "";
			targets = (
				38D8C6F525BC622500C1F10D /* cake-it */,
				38D8C70B25BC622700C1F10D /* cake-itTests */,
				38D8C71625BC622700C1F10D /* cake-itUITests */,
			);
		};
/* End PBXProject section */

/* Begin PBXResourcesBuildPhase section */
		38D8C6F425BC622500C1F10D /* Resources */ = {
			isa = PBXResourcesBuildPhase;
			buildActionMask = 2147483647;
			files = (
				38D8C70625BC622700C1F10D /* LaunchScreen.storyboard in Resources */,
				38D8C70325BC622700C1F10D /* Assets.xcassets in Resources */,
				38D8C70125BC622500C1F10D /* Main.storyboard in Resources */,
				38D8C73025BC627F00C1F10D /* Order.storyboard in Resources */,
			);
			runOnlyForDeploymentPostprocessing = 0;
		};
		38D8C70A25BC622700C1F10D /* Resources */ = {
			isa = PBXResourcesBuildPhase;
			buildActionMask = 2147483647;
			files = (
			);
			runOnlyForDeploymentPostprocessing = 0;
		};
		38D8C71525BC622700C1F10D /* Resources */ = {
			isa = PBXResourcesBuildPhase;
			buildActionMask = 2147483647;
			files = (
			);
			runOnlyForDeploymentPostprocessing = 0;
		};
/* End PBXResourcesBuildPhase section */

/* Begin PBXShellScriptBuildPhase section */
		0F12596101CF9641E4B2C6F0 /* [CP] Embed Pods Frameworks */ = {
			isa = PBXShellScriptBuildPhase;
			buildActionMask = 2147483647;
			files = (
			);
			inputFileListPaths = (
				"${PODS_ROOT}/Target Support Files/Pods-cake-it-cake-itUITests/Pods-cake-it-cake-itUITests-frameworks-${CONFIGURATION}-input-files.xcfilelist",
			);
			name = "[CP] Embed Pods Frameworks";
			outputFileListPaths = (
				"${PODS_ROOT}/Target Support Files/Pods-cake-it-cake-itUITests/Pods-cake-it-cake-itUITests-frameworks-${CONFIGURATION}-output-files.xcfilelist",
			);
			runOnlyForDeploymentPostprocessing = 0;
			shellPath = /bin/sh;
			shellScript = "\"${PODS_ROOT}/Target Support Files/Pods-cake-it-cake-itUITests/Pods-cake-it-cake-itUITests-frameworks.sh\"\n";
			showEnvVarsInLog = 0;
		};
		682968490E5801B47DF56DF0 /* [CP] Embed Pods Frameworks */ = {
			isa = PBXShellScriptBuildPhase;
			buildActionMask = 2147483647;
			files = (
			);
			inputFileListPaths = (
				"${PODS_ROOT}/Target Support Files/Pods-cake-it/Pods-cake-it-frameworks-${CONFIGURATION}-input-files.xcfilelist",
			);
			name = "[CP] Embed Pods Frameworks";
			outputFileListPaths = (
				"${PODS_ROOT}/Target Support Files/Pods-cake-it/Pods-cake-it-frameworks-${CONFIGURATION}-output-files.xcfilelist",
			);
			runOnlyForDeploymentPostprocessing = 0;
			shellPath = /bin/sh;
			shellScript = "\"${PODS_ROOT}/Target Support Files/Pods-cake-it/Pods-cake-it-frameworks.sh\"\n";
			showEnvVarsInLog = 0;
		};
		E4A25430361390E3F331E8CA /* [CP] Check Pods Manifest.lock */ = {
			isa = PBXShellScriptBuildPhase;
			buildActionMask = 2147483647;
			files = (
			);
			inputFileListPaths = (
			);
			inputPaths = (
				"${PODS_PODFILE_DIR_PATH}/Podfile.lock",
				"${PODS_ROOT}/Manifest.lock",
			);
			name = "[CP] Check Pods Manifest.lock";
			outputFileListPaths = (
			);
			outputPaths = (
				"$(DERIVED_FILE_DIR)/Pods-cake-itTests-checkManifestLockResult.txt",
			);
			runOnlyForDeploymentPostprocessing = 0;
			shellPath = /bin/sh;
			shellScript = "diff \"${PODS_PODFILE_DIR_PATH}/Podfile.lock\" \"${PODS_ROOT}/Manifest.lock\" > /dev/null\nif [ $? != 0 ] ; then\n    # print error to STDERR\n    echo \"error: The sandbox is not in sync with the Podfile.lock. Run 'pod install' or update your CocoaPods installation.\" >&2\n    exit 1\nfi\n# This output is used by Xcode 'outputs' to avoid re-running this script phase.\necho \"SUCCESS\" > \"${SCRIPT_OUTPUT_FILE_0}\"\n";
			showEnvVarsInLog = 0;
		};
		E5C9B8CF41706E77AE539F9F /* [CP] Check Pods Manifest.lock */ = {
			isa = PBXShellScriptBuildPhase;
			buildActionMask = 2147483647;
			files = (
			);
			inputFileListPaths = (
			);
			inputPaths = (
				"${PODS_PODFILE_DIR_PATH}/Podfile.lock",
				"${PODS_ROOT}/Manifest.lock",
			);
			name = "[CP] Check Pods Manifest.lock";
			outputFileListPaths = (
			);
			outputPaths = (
				"$(DERIVED_FILE_DIR)/Pods-cake-it-checkManifestLockResult.txt",
			);
			runOnlyForDeploymentPostprocessing = 0;
			shellPath = /bin/sh;
			shellScript = "diff \"${PODS_PODFILE_DIR_PATH}/Podfile.lock\" \"${PODS_ROOT}/Manifest.lock\" > /dev/null\nif [ $? != 0 ] ; then\n    # print error to STDERR\n    echo \"error: The sandbox is not in sync with the Podfile.lock. Run 'pod install' or update your CocoaPods installation.\" >&2\n    exit 1\nfi\n# This output is used by Xcode 'outputs' to avoid re-running this script phase.\necho \"SUCCESS\" > \"${SCRIPT_OUTPUT_FILE_0}\"\n";
			showEnvVarsInLog = 0;
		};
		E9C4289C6EFFD1D7AA86FDF3 /* [CP] Check Pods Manifest.lock */ = {
			isa = PBXShellScriptBuildPhase;
			buildActionMask = 2147483647;
			files = (
			);
			inputFileListPaths = (
			);
			inputPaths = (
				"${PODS_PODFILE_DIR_PATH}/Podfile.lock",
				"${PODS_ROOT}/Manifest.lock",
			);
			name = "[CP] Check Pods Manifest.lock";
			outputFileListPaths = (
			);
			outputPaths = (
				"$(DERIVED_FILE_DIR)/Pods-cake-it-cake-itUITests-checkManifestLockResult.txt",
			);
			runOnlyForDeploymentPostprocessing = 0;
			shellPath = /bin/sh;
			shellScript = "diff \"${PODS_PODFILE_DIR_PATH}/Podfile.lock\" \"${PODS_ROOT}/Manifest.lock\" > /dev/null\nif [ $? != 0 ] ; then\n    # print error to STDERR\n    echo \"error: The sandbox is not in sync with the Podfile.lock. Run 'pod install' or update your CocoaPods installation.\" >&2\n    exit 1\nfi\n# This output is used by Xcode 'outputs' to avoid re-running this script phase.\necho \"SUCCESS\" > \"${SCRIPT_OUTPUT_FILE_0}\"\n";
			showEnvVarsInLog = 0;
		};
/* End PBXShellScriptBuildPhase section */

/* Begin PBXSourcesBuildPhase section */
		38D8C6F225BC622500C1F10D /* Sources */ = {
			isa = PBXSourcesBuildPhase;
			buildActionMask = 2147483647;
			files = (
				F783C12F25CFF351004EB56E /* BaseModel.swift in Sources */,
				F77E299E25C6980F0098D422 /* NetworkManager.swift in Sources */,
				F7566AD025CFEC98005F6CA6 /* LoginModel.swift in Sources */,
				38D8C6FE25BC622500C1F10D /* HomeViewController.swift in Sources */,
				38D8C6FA25BC622500C1F10D /* AppDelegate.swift in Sources */,
				38D8C6FC25BC622500C1F10D /* SceneDelegate.swift in Sources */,
			);
			runOnlyForDeploymentPostprocessing = 0;
		};
		38D8C70825BC622700C1F10D /* Sources */ = {
			isa = PBXSourcesBuildPhase;
			buildActionMask = 2147483647;
			files = (
				38D8C71125BC622700C1F10D /* cake_itTests.swift in Sources */,
			);
			runOnlyForDeploymentPostprocessing = 0;
		};
		38D8C71325BC622700C1F10D /* Sources */ = {
			isa = PBXSourcesBuildPhase;
			buildActionMask = 2147483647;
			files = (
				38D8C71C25BC622700C1F10D /* cake_itUITests.swift in Sources */,
			);
			runOnlyForDeploymentPostprocessing = 0;
		};
/* End PBXSourcesBuildPhase section */

/* Begin PBXTargetDependency section */
		38D8C70E25BC622700C1F10D /* PBXTargetDependency */ = {
			isa = PBXTargetDependency;
			target = 38D8C6F525BC622500C1F10D /* cake-it */;
			targetProxy = 38D8C70D25BC622700C1F10D /* PBXContainerItemProxy */;
		};
		38D8C71925BC622700C1F10D /* PBXTargetDependency */ = {
			isa = PBXTargetDependency;
			target = 38D8C6F525BC622500C1F10D /* cake-it */;
			targetProxy = 38D8C71825BC622700C1F10D /* PBXContainerItemProxy */;
		};
/* End PBXTargetDependency section */

/* Begin PBXVariantGroup section */
		38D8C6FF25BC622500C1F10D /* Main.storyboard */ = {
			isa = PBXVariantGroup;
			children = (
				38D8C70025BC622500C1F10D /* Base */,
			);
			name = Main.storyboard;
			sourceTree = "<group>";
		};
		38D8C70425BC622700C1F10D /* LaunchScreen.storyboard */ = {
			isa = PBXVariantGroup;
			children = (
				38D8C70525BC622700C1F10D /* Base */,
			);
			name = LaunchScreen.storyboard;
			sourceTree = "<group>";
		};
/* End PBXVariantGroup section */

/* Begin XCBuildConfiguration section */
		38D8C71E25BC622700C1F10D /* Debug */ = {
			isa = XCBuildConfiguration;
			buildSettings = {
				ALWAYS_SEARCH_USER_PATHS = NO;
				CLANG_ANALYZER_NONNULL = YES;
				CLANG_ANALYZER_NUMBER_OBJECT_CONVERSION = YES_AGGRESSIVE;
				CLANG_CXX_LANGUAGE_STANDARD = "gnu++14";
				CLANG_CXX_LIBRARY = "libc++";
				CLANG_ENABLE_MODULES = YES;
				CLANG_ENABLE_OBJC_ARC = YES;
				CLANG_ENABLE_OBJC_WEAK = YES;
				CLANG_WARN_BLOCK_CAPTURE_AUTORELEASING = YES;
				CLANG_WARN_BOOL_CONVERSION = YES;
				CLANG_WARN_COMMA = YES;
				CLANG_WARN_CONSTANT_CONVERSION = YES;
				CLANG_WARN_DEPRECATED_OBJC_IMPLEMENTATIONS = YES;
				CLANG_WARN_DIRECT_OBJC_ISA_USAGE = YES_ERROR;
				CLANG_WARN_DOCUMENTATION_COMMENTS = YES;
				CLANG_WARN_EMPTY_BODY = YES;
				CLANG_WARN_ENUM_CONVERSION = YES;
				CLANG_WARN_INFINITE_RECURSION = YES;
				CLANG_WARN_INT_CONVERSION = YES;
				CLANG_WARN_NON_LITERAL_NULL_CONVERSION = YES;
				CLANG_WARN_OBJC_IMPLICIT_RETAIN_SELF = YES;
				CLANG_WARN_OBJC_LITERAL_CONVERSION = YES;
				CLANG_WARN_OBJC_ROOT_CLASS = YES_ERROR;
				CLANG_WARN_QUOTED_INCLUDE_IN_FRAMEWORK_HEADER = YES;
				CLANG_WARN_RANGE_LOOP_ANALYSIS = YES;
				CLANG_WARN_STRICT_PROTOTYPES = YES;
				CLANG_WARN_SUSPICIOUS_MOVE = YES;
				CLANG_WARN_UNGUARDED_AVAILABILITY = YES_AGGRESSIVE;
				CLANG_WARN_UNREACHABLE_CODE = YES;
				CLANG_WARN__DUPLICATE_METHOD_MATCH = YES;
				COPY_PHASE_STRIP = NO;
				DEBUG_INFORMATION_FORMAT = dwarf;
				ENABLE_STRICT_OBJC_MSGSEND = YES;
				ENABLE_TESTABILITY = YES;
				GCC_C_LANGUAGE_STANDARD = gnu11;
				GCC_DYNAMIC_NO_PIC = NO;
				GCC_NO_COMMON_BLOCKS = YES;
				GCC_OPTIMIZATION_LEVEL = 0;
				GCC_PREPROCESSOR_DEFINITIONS = (
					"DEBUG=1",
					"$(inherited)",
				);
				GCC_WARN_64_TO_32_BIT_CONVERSION = YES;
				GCC_WARN_ABOUT_RETURN_TYPE = YES_ERROR;
				GCC_WARN_UNDECLARED_SELECTOR = YES;
				GCC_WARN_UNINITIALIZED_AUTOS = YES_AGGRESSIVE;
				GCC_WARN_UNUSED_FUNCTION = YES;
				GCC_WARN_UNUSED_VARIABLE = YES;
				IPHONEOS_DEPLOYMENT_TARGET = 14.3;
				MTL_ENABLE_DEBUG_INFO = INCLUDE_SOURCE;
				MTL_FAST_MATH = YES;
				ONLY_ACTIVE_ARCH = YES;
				SDKROOT = iphoneos;
				SWIFT_ACTIVE_COMPILATION_CONDITIONS = DEBUG;
				SWIFT_OPTIMIZATION_LEVEL = "-Onone";
			};
			name = Debug;
		};
		38D8C71F25BC622700C1F10D /* Release */ = {
			isa = XCBuildConfiguration;
			buildSettings = {
				ALWAYS_SEARCH_USER_PATHS = NO;
				CLANG_ANALYZER_NONNULL = YES;
				CLANG_ANALYZER_NUMBER_OBJECT_CONVERSION = YES_AGGRESSIVE;
				CLANG_CXX_LANGUAGE_STANDARD = "gnu++14";
				CLANG_CXX_LIBRARY = "libc++";
				CLANG_ENABLE_MODULES = YES;
				CLANG_ENABLE_OBJC_ARC = YES;
				CLANG_ENABLE_OBJC_WEAK = YES;
				CLANG_WARN_BLOCK_CAPTURE_AUTORELEASING = YES;
				CLANG_WARN_BOOL_CONVERSION = YES;
				CLANG_WARN_COMMA = YES;
				CLANG_WARN_CONSTANT_CONVERSION = YES;
				CLANG_WARN_DEPRECATED_OBJC_IMPLEMENTATIONS = YES;
				CLANG_WARN_DIRECT_OBJC_ISA_USAGE = YES_ERROR;
				CLANG_WARN_DOCUMENTATION_COMMENTS = YES;
				CLANG_WARN_EMPTY_BODY = YES;
				CLANG_WARN_ENUM_CONVERSION = YES;
				CLANG_WARN_INFINITE_RECURSION = YES;
				CLANG_WARN_INT_CONVERSION = YES;
				CLANG_WARN_NON_LITERAL_NULL_CONVERSION = YES;
				CLANG_WARN_OBJC_IMPLICIT_RETAIN_SELF = YES;
				CLANG_WARN_OBJC_LITERAL_CONVERSION = YES;
				CLANG_WARN_OBJC_ROOT_CLASS = YES_ERROR;
				CLANG_WARN_QUOTED_INCLUDE_IN_FRAMEWORK_HEADER = YES;
				CLANG_WARN_RANGE_LOOP_ANALYSIS = YES;
				CLANG_WARN_STRICT_PROTOTYPES = YES;
				CLANG_WARN_SUSPICIOUS_MOVE = YES;
				CLANG_WARN_UNGUARDED_AVAILABILITY = YES_AGGRESSIVE;
				CLANG_WARN_UNREACHABLE_CODE = YES;
				CLANG_WARN__DUPLICATE_METHOD_MATCH = YES;
				COPY_PHASE_STRIP = NO;
				DEBUG_INFORMATION_FORMAT = "dwarf-with-dsym";
				ENABLE_NS_ASSERTIONS = NO;
				ENABLE_STRICT_OBJC_MSGSEND = YES;
				GCC_C_LANGUAGE_STANDARD = gnu11;
				GCC_NO_COMMON_BLOCKS = YES;
				GCC_WARN_64_TO_32_BIT_CONVERSION = YES;
				GCC_WARN_ABOUT_RETURN_TYPE = YES_ERROR;
				GCC_WARN_UNDECLARED_SELECTOR = YES;
				GCC_WARN_UNINITIALIZED_AUTOS = YES_AGGRESSIVE;
				GCC_WARN_UNUSED_FUNCTION = YES;
				GCC_WARN_UNUSED_VARIABLE = YES;
				IPHONEOS_DEPLOYMENT_TARGET = 14.3;
				MTL_ENABLE_DEBUG_INFO = NO;
				MTL_FAST_MATH = YES;
				SDKROOT = iphoneos;
				SWIFT_COMPILATION_MODE = wholemodule;
				SWIFT_OPTIMIZATION_LEVEL = "-O";
				VALIDATE_PRODUCT = YES;
			};
			name = Release;
		};
		38D8C72125BC622700C1F10D /* Debug */ = {
			isa = XCBuildConfiguration;
			baseConfigurationReference = 81E3E8535A0C9E854B59A746 /* Pods-cake-it.debug.xcconfig */;
			buildSettings = {
				ASSETCATALOG_COMPILER_APPICON_NAME = AppIcon;
				ASSETCATALOG_COMPILER_GLOBAL_ACCENT_COLOR_NAME = AccentColor;
				CODE_SIGN_STYLE = Automatic;
				DEVELOPMENT_TEAM = QKG65XDLX8;
				INFOPLIST_FILE = "cake-it/Info.plist";
				IPHONEOS_DEPLOYMENT_TARGET = 14.0;
				LD_RUNPATH_SEARCH_PATHS = (
					"$(inherited)",
					"@executable_path/Frameworks",
				);
				PRODUCT_BUNDLE_IDENTIFIER = "next.cake-it";
				PRODUCT_NAME = "$(TARGET_NAME)";
				SWIFT_VERSION = 5.0;
				TARGETED_DEVICE_FAMILY = "1,2";
			};
			name = Debug;
		};
		38D8C72225BC622700C1F10D /* Release */ = {
			isa = XCBuildConfiguration;
			baseConfigurationReference = E92932AB6FCE3AFF54E6B82E /* Pods-cake-it.release.xcconfig */;
			buildSettings = {
				ASSETCATALOG_COMPILER_APPICON_NAME = AppIcon;
				ASSETCATALOG_COMPILER_GLOBAL_ACCENT_COLOR_NAME = AccentColor;
				CODE_SIGN_STYLE = Automatic;
				DEVELOPMENT_TEAM = QKG65XDLX8;
				INFOPLIST_FILE = "cake-it/Info.plist";
				IPHONEOS_DEPLOYMENT_TARGET = 14.0;
				LD_RUNPATH_SEARCH_PATHS = (
					"$(inherited)",
					"@executable_path/Frameworks",
				);
				PRODUCT_BUNDLE_IDENTIFIER = "next.cake-it";
				PRODUCT_NAME = "$(TARGET_NAME)";
				SWIFT_VERSION = 5.0;
				TARGETED_DEVICE_FAMILY = "1,2";
			};
			name = Release;
		};
		38D8C72425BC622700C1F10D /* Debug */ = {
			isa = XCBuildConfiguration;
			baseConfigurationReference = 3C6FB9750C4EC89C1AE2486E /* Pods-cake-itTests.debug.xcconfig */;
			buildSettings = {
				ALWAYS_EMBED_SWIFT_STANDARD_LIBRARIES = YES;
				BUNDLE_LOADER = "$(TEST_HOST)";
				CODE_SIGN_STYLE = Automatic;
				INFOPLIST_FILE = "cake-itTests/Info.plist";
				IPHONEOS_DEPLOYMENT_TARGET = 14.3;
				LD_RUNPATH_SEARCH_PATHS = (
					"$(inherited)",
					"@executable_path/Frameworks",
					"@loader_path/Frameworks",
				);
				PRODUCT_BUNDLE_IDENTIFIER = "next.cake-itTests";
				PRODUCT_NAME = "$(TARGET_NAME)";
				SWIFT_VERSION = 5.0;
				TARGETED_DEVICE_FAMILY = "1,2";
				TEST_HOST = "$(BUILT_PRODUCTS_DIR)/cake-it.app/cake-it";
			};
			name = Debug;
		};
		38D8C72525BC622700C1F10D /* Release */ = {
			isa = XCBuildConfiguration;
			baseConfigurationReference = 6CB3B33164C0074B09052F0B /* Pods-cake-itTests.release.xcconfig */;
			buildSettings = {
				ALWAYS_EMBED_SWIFT_STANDARD_LIBRARIES = YES;
				BUNDLE_LOADER = "$(TEST_HOST)";
				CODE_SIGN_STYLE = Automatic;
				INFOPLIST_FILE = "cake-itTests/Info.plist";
				IPHONEOS_DEPLOYMENT_TARGET = 14.3;
				LD_RUNPATH_SEARCH_PATHS = (
					"$(inherited)",
					"@executable_path/Frameworks",
					"@loader_path/Frameworks",
				);
				PRODUCT_BUNDLE_IDENTIFIER = "next.cake-itTests";
				PRODUCT_NAME = "$(TARGET_NAME)";
				SWIFT_VERSION = 5.0;
				TARGETED_DEVICE_FAMILY = "1,2";
				TEST_HOST = "$(BUILT_PRODUCTS_DIR)/cake-it.app/cake-it";
			};
			name = Release;
		};
		38D8C72725BC622700C1F10D /* Debug */ = {
			isa = XCBuildConfiguration;
			baseConfigurationReference = 43D673855D0405E9662AF5DC /* Pods-cake-it-cake-itUITests.debug.xcconfig */;
			buildSettings = {
				ALWAYS_EMBED_SWIFT_STANDARD_LIBRARIES = YES;
				CODE_SIGN_STYLE = Automatic;
				INFOPLIST_FILE = "cake-itUITests/Info.plist";
				LD_RUNPATH_SEARCH_PATHS = (
					"$(inherited)",
					"@executable_path/Frameworks",
					"@loader_path/Frameworks",
				);
				PRODUCT_BUNDLE_IDENTIFIER = "next.cake-itUITests";
				PRODUCT_NAME = "$(TARGET_NAME)";
				SWIFT_VERSION = 5.0;
				TARGETED_DEVICE_FAMILY = "1,2";
				TEST_TARGET_NAME = "cake-it";
			};
			name = Debug;
		};
		38D8C72825BC622700C1F10D /* Release */ = {
			isa = XCBuildConfiguration;
			baseConfigurationReference = 8C71B96970538B15D597BC65 /* Pods-cake-it-cake-itUITests.release.xcconfig */;
			buildSettings = {
				ALWAYS_EMBED_SWIFT_STANDARD_LIBRARIES = YES;
				CODE_SIGN_STYLE = Automatic;
				INFOPLIST_FILE = "cake-itUITests/Info.plist";
				LD_RUNPATH_SEARCH_PATHS = (
					"$(inherited)",
					"@executable_path/Frameworks",
					"@loader_path/Frameworks",
				);
				PRODUCT_BUNDLE_IDENTIFIER = "next.cake-itUITests";
				PRODUCT_NAME = "$(TARGET_NAME)";
				SWIFT_VERSION = 5.0;
				TARGETED_DEVICE_FAMILY = "1,2";
				TEST_TARGET_NAME = "cake-it";
			};
			name = Release;
		};
/* End XCBuildConfiguration section */

/* Begin XCConfigurationList section */
		38D8C6F125BC622500C1F10D /* Build configuration list for PBXProject "cake-it" */ = {
			isa = XCConfigurationList;
			buildConfigurations = (
				38D8C71E25BC622700C1F10D /* Debug */,
				38D8C71F25BC622700C1F10D /* Release */,
			);
			defaultConfigurationIsVisible = 0;
			defaultConfigurationName = Release;
		};
		38D8C72025BC622700C1F10D /* Build configuration list for PBXNativeTarget "cake-it" */ = {
			isa = XCConfigurationList;
			buildConfigurations = (
				38D8C72125BC622700C1F10D /* Debug */,
				38D8C72225BC622700C1F10D /* Release */,
			);
			defaultConfigurationIsVisible = 0;
			defaultConfigurationName = Release;
		};
		38D8C72325BC622700C1F10D /* Build configuration list for PBXNativeTarget "cake-itTests" */ = {
			isa = XCConfigurationList;
			buildConfigurations = (
				38D8C72425BC622700C1F10D /* Debug */,
				38D8C72525BC622700C1F10D /* Release */,
			);
			defaultConfigurationIsVisible = 0;
			defaultConfigurationName = Release;
		};
		38D8C72625BC622700C1F10D /* Build configuration list for PBXNativeTarget "cake-itUITests" */ = {
			isa = XCConfigurationList;
			buildConfigurations = (
				38D8C72725BC622700C1F10D /* Debug */,
				38D8C72825BC622700C1F10D /* Release */,
			);
			defaultConfigurationIsVisible = 0;
			defaultConfigurationName = Release;
		};
/* End XCConfigurationList section */
	};
	rootObject = 38D8C6EE25BC622500C1F10D /* Project object */;
}
