PODS:
  - Alamofire (5.4.1)
  - KakaoSDKAuth (2.4.1):
    - KakaoSDKCommon (= 2.4.1)
  - KakaoSDKCommon (2.4.1):
    - KakaoSDKCommon/Common (= 2.4.1)
    - KakaoSDKCommon/Network (= 2.4.1)
  - KakaoSDKCommon/Common (2.4.1)
  - KakaoSDKCommon/Network (2.4.1):
    - Alamofire (~> 5.1)
    - KakaoSDKCommon/Common (= 2.4.1)
  - KakaoSDKUser (2.4.1):
    - KakaoSDKAuth (= 2.4.1)
    - KakaoSDKCommon (= 2.4.1)
  - naveridlogin-sdk-ios (4.1.3)
  - SwiftKeychainWrapper (4.0.1)
  - XLPagerTabStrip (9.0.0)

DEPENDENCIES:
  - Alamofire (~> 5.2)
  - KakaoSDKAuth
  - KakaoSDKCommon
  - KakaoSDKUser
  - naveridlogin-sdk-ios
  - SwiftKeychainWrapper
  - XLPagerTabStrip (~> 9.0)

SPEC REPOS:
  trunk:
    - Alamofire
    - KakaoSDKAuth
    - KakaoSDKCommon
    - KakaoSDKUser
    - naveridlogin-sdk-ios
    - SwiftKeychainWrapper
    - XLPagerTabStrip

SPEC CHECKSUMS:
  Alamofire: 2291f7d21ca607c491dd17642e5d40fdcda0e65c
  KakaoSDKAuth: fcba1c9ede431683f5bdd84c835a96981cb115a5
  KakaoSDKCommon: 0912aa0c7db051ae8dc07a35395cf644f7728f95
  KakaoSDKUser: 11955811d99d1ff1f1dfd5428afe69937e31ccef
  naveridlogin-sdk-ios: b9d7c20677981177ed994ecb1c8c2b49f223277d
  SwiftKeychainWrapper: 807ba1d63c33a7d0613288512399cd1eda1e470c
  XLPagerTabStrip: 61c57fd61f611ee5f01ff1495ad6fbee8bf496c5

PODFILE CHECKSUM: ad108c2fef0bf23e137a50d05686067b9f1b94de

COCOAPODS: 1.10.1
